
Microsoft Visual Studio Solution File, Format Version 12.00
# Visual Studio 15
VisualStudioVersion = 15.0.26730.12
MinimumVisualStudioVersion = 10.0.40219.1
Project("{FAE04EC0-301F-11D3-BF4B-00C04F79EFBC}") = "Projeto03.Android", "Projeto03\Projeto03.Android\Projeto03.Android.csproj", "{B59D30E1-0911-4FC9-A7EE-465BEF4F15AD}"
EndProject
Project("{FAE04EC0-301F-11D3-BF4B-00C04F79EFBC}") = "Projeto03", "Projeto03\Projeto03\Projeto03.csproj", "{49F79F3F-8E34-45EF-A2A2-90D90C17AB7D}"
EndProject
Project("{FAE04EC0-301F-11D3-BF4B-00C04F79EFBC}") = "Projeto03.UWP", "Projeto03\Projeto03.UWP\Projeto03.UWP.csproj", "{2AAC15F3-19B8-419C-8A7B-5E732A338436}"
EndProject
Project("{FAE04EC0-301F-11D3-BF4B-00C04F79EFBC}") = "Projeto03.iOS", "Projeto03\Projeto03.iOS\Projeto03.iOS.csproj", "{BF4B37FD-110D-4B90-ADB9-3EAA7B8AB955}"
EndProject
Global
	GlobalSection(SolutionConfigurationPlatforms) = preSolution
		Ad-Hoc|Any CPU = Ad-Hoc|Any CPU
		Ad-Hoc|ARM = Ad-Hoc|ARM
		Ad-Hoc|iPhone = Ad-Hoc|iPhone
		Ad-Hoc|iPhoneSimulator = Ad-Hoc|iPhoneSimulator
		Ad-Hoc|x64 = Ad-Hoc|x64
		Ad-Hoc|x86 = Ad-Hoc|x86
		AppStore|Any CPU = AppStore|Any CPU
		AppStore|ARM = AppStore|ARM
		AppStore|iPhone = AppStore|iPhone
		AppStore|iPhoneSimulator = AppStore|iPhoneSimulator
		AppStore|x64 = AppStore|x64
		AppStore|x86 = AppStore|x86
		Debug|Any CPU = Debug|Any CPU
		Debug|ARM = Debug|ARM
		Debug|iPhone = Debug|iPhone
		Debug|iPhoneSimulator = Debug|iPhoneSimulator
		Debug|x64 = Debug|x64
		Debug|x86 = Debug|x86
		Release|Any CPU = Release|Any CPU
		Release|ARM = Release|ARM
		Release|iPhone = Release|iPhone
		Release|iPhoneSimulator = Release|iPhoneSimulator
		Release|x64 = Release|x64
		Release|x86 = Release|x86
	EndGlobalSection
	GlobalSection(ProjectConfigurationPlatforms) = postSolution
		{B59D30E1-0911-4FC9-A7EE-465BEF4F15AD}.Ad-Hoc|Any CPU.ActiveCfg = Release|Any CPU
		{B59D30E1-0911-4FC9-A7EE-465BEF4F15AD}.Ad-Hoc|Any CPU.Build.0 = Release|Any CPU
		{B59D30E1-0911-4FC9-A7EE-465BEF4F15AD}.Ad-Hoc|Any CPU.Deploy.0 = Release|Any CPU
		{B59D30E1-0911-4FC9-A7EE-465BEF4F15AD}.Ad-Hoc|ARM.ActiveCfg = Release|Any CPU
		{B59D30E1-0911-4FC9-A7EE-465BEF4F15AD}.Ad-Hoc|ARM.Build.0 = Release|Any CPU
		{B59D30E1-0911-4FC9-A7EE-465BEF4F15AD}.Ad-Hoc|ARM.Deploy.0 = Release|Any CPU
		{B59D30E1-0911-4FC9-A7EE-465BEF4F15AD}.Ad-Hoc|iPhone.ActiveCfg = Release|Any CPU
		{B59D30E1-0911-4FC9-A7EE-465BEF4F15AD}.Ad-Hoc|iPhone.Build.0 = Release|Any CPU
		{B59D30E1-0911-4FC9-A7EE-465BEF4F15AD}.Ad-Hoc|iPhone.Deploy.0 = Release|Any CPU
		{B59D30E1-0911-4FC9-A7EE-465BEF4F15AD}.Ad-Hoc|iPhoneSimulator.ActiveCfg = Release|Any CPU
		{B59D30E1-0911-4FC9-A7EE-465BEF4F15AD}.Ad-Hoc|iPhoneSimulator.Build.0 = Release|Any CPU
		{B59D30E1-0911-4FC9-A7EE-465BEF4F15AD}.Ad-Hoc|iPhoneSimulator.Deploy.0 = Release|Any CPU
		{B59D30E1-0911-4FC9-A7EE-465BEF4F15AD}.Ad-Hoc|x64.ActiveCfg = Release|Any CPU
		{B59D30E1-0911-4FC9-A7EE-465BEF4F15AD}.Ad-Hoc|x64.Build.0 = Release|Any CPU
		{B59D30E1-0911-4FC9-A7EE-465BEF4F15AD}.Ad-Hoc|x64.Deploy.0 = Release|Any CPU
		{B59D30E1-0911-4FC9-A7EE-465BEF4F15AD}.Ad-Hoc|x86.ActiveCfg = Release|Any CPU
		{B59D30E1-0911-4FC9-A7EE-465BEF4F15AD}.Ad-Hoc|x86.Build.0 = Release|Any CPU
		{B59D30E1-0911-4FC9-A7EE-465BEF4F15AD}.Ad-Hoc|x86.Deploy.0 = Release|Any CPU
		{B59D30E1-0911-4FC9-A7EE-465BEF4F15AD}.AppStore|Any CPU.ActiveCfg = Release|Any CPU
		{B59D30E1-0911-4FC9-A7EE-465BEF4F15AD}.AppStore|Any CPU.Build.0 = Release|Any CPU
		{B59D30E1-0911-4FC9-A7EE-465BEF4F15AD}.AppStore|Any CPU.Deploy.0 = Release|Any CPU
		{B59D30E1-0911-4FC9-A7EE-465BEF4F15AD}.AppStore|ARM.ActiveCfg = Release|Any CPU
		{B59D30E1-0911-4FC9-A7EE-465BEF4F15AD}.AppStore|ARM.Build.0 = Release|Any CPU
		{B59D30E1-0911-4FC9-A7EE-465BEF4F15AD}.AppStore|ARM.Deploy.0 = Release|Any CPU
		{B59D30E1-0911-4FC9-A7EE-465BEF4F15AD}.AppStore|iPhone.ActiveCfg = Release|Any CPU
		{B59D30E1-0911-4FC9-A7EE-465BEF4F15AD}.AppStore|iPhone.Build.0 = Release|Any CPU
		{B59D30E1-0911-4FC9-A7EE-465BEF4F15AD}.AppStore|iPhone.Deploy.0 = Release|Any CPU
		{B59D30E1-0911-4FC9-A7EE-465BEF4F15AD}.AppStore|iPhoneSimulator.ActiveCfg = Release|Any CPU
		{B59D30E1-0911-4FC9-A7EE-465BEF4F15AD}.AppStore|iPhoneSimulator.Build.0 = Release|Any CPU
		{B59D30E1-0911-4FC9-A7EE-465BEF4F15AD}.AppStore|iPhoneSimulator.Deploy.0 = Release|Any CPU
		{B59D30E1-0911-4FC9-A7EE-465BEF4F15AD}.AppStore|x64.ActiveCfg = Release|Any CPU
		{B59D30E1-0911-4FC9-A7EE-465BEF4F15AD}.AppStore|x64.Build.0 = Release|Any CPU
		{B59D30E1-0911-4FC9-A7EE-465BEF4F15AD}.AppStore|x64.Deploy.0 = Release|Any CPU
		{B59D30E1-0911-4FC9-A7EE-465BEF4F15AD}.AppStore|x86.ActiveCfg = Release|Any CPU
		{B59D30E1-0911-4FC9-A7EE-465BEF4F15AD}.AppStore|x86.Build.0 = Release|Any CPU
		{B59D30E1-0911-4FC9-A7EE-465BEF4F15AD}.AppStore|x86.Deploy.0 = Release|Any CPU
		{B59D30E1-0911-4FC9-A7EE-465BEF4F15AD}.Debug|Any CPU.ActiveCfg = Debug|Any CPU
		{B59D30E1-0911-4FC9-A7EE-465BEF4F15AD}.Debug|Any CPU.Build.0 = Debug|Any CPU
		{B59D30E1-0911-4FC9-A7EE-465BEF4F15AD}.Debug|Any CPU.Deploy.0 = Debug|Any CPU
		{B59D30E1-0911-4FC9-A7EE-465BEF4F15AD}.Debug|ARM.ActiveCfg = Debug|Any CPU
		{B59D30E1-0911-4FC9-A7EE-465BEF4F15AD}.Debug|ARM.Build.0 = Debug|Any CPU
		{B59D30E1-0911-4FC9-A7EE-465BEF4F15AD}.Debug|ARM.Deploy.0 = Debug|Any CPU
		{B59D30E1-0911-4FC9-A7EE-465BEF4F15AD}.Debug|iPhone.ActiveCfg = Debug|Any CPU
		{B59D30E1-0911-4FC9-A7EE-465BEF4F15AD}.Debug|iPhone.Build.0 = Debug|Any CPU
		{B59D30E1-0911-4FC9-A7EE-465BEF4F15AD}.Debug|iPhone.Deploy.0 = Debug|Any CPU
		{B59D30E1-0911-4FC9-A7EE-465BEF4F15AD}.Debug|iPhoneSimulator.ActiveCfg = Debug|Any CPU
		{B59D30E1-0911-4FC9-A7EE-465BEF4F15AD}.Debug|iPhoneSimulator.Build.0 = Debug|Any CPU
		{B59D30E1-0911-4FC9-A7EE-465BEF4F15AD}.Debug|iPhoneSimulator.Deploy.0 = Debug|Any CPU
		{B59D30E1-0911-4FC9-A7EE-465BEF4F15AD}.Debug|x64.ActiveCfg = Debug|Any CPU
		{B59D30E1-0911-4FC9-A7EE-465BEF4F15AD}.Debug|x64.Build.0 = Debug|Any CPU
		{B59D30E1-0911-4FC9-A7EE-465BEF4F15AD}.Debug|x64.Deploy.0 = Debug|Any CPU
		{B59D30E1-0911-4FC9-A7EE-465BEF4F15AD}.Debug|x86.ActiveCfg = Debug|Any CPU
		{B59D30E1-0911-4FC9-A7EE-465BEF4F15AD}.Debug|x86.Build.0 = Debug|Any CPU
		{B59D30E1-0911-4FC9-A7EE-465BEF4F15AD}.Debug|x86.Deploy.0 = Debug|Any CPU
		{B59D30E1-0911-4FC9-A7EE-465BEF4F15AD}.Release|Any CPU.ActiveCfg = Release|Any CPU
		{B59D30E1-0911-4FC9-A7EE-465BEF4F15AD}.Release|Any CPU.Build.0 = Release|Any CPU
		{B59D30E1-0911-4FC9-A7EE-465BEF4F15AD}.Release|Any CPU.Deploy.0 = Release|Any CPU
		{B59D30E1-0911-4FC9-A7EE-465BEF4F15AD}.Release|ARM.ActiveCfg = Release|Any CPU
		{B59D30E1-0911-4FC9-A7EE-465BEF4F15AD}.Release|ARM.Build.0 = Release|Any CPU
		{B59D30E1-0911-4FC9-A7EE-465BEF4F15AD}.Release|ARM.Deploy.0 = Release|Any CPU
		{B59D30E1-0911-4FC9-A7EE-465BEF4F15AD}.Release|iPhone.ActiveCfg = Release|Any CPU
		{B59D30E1-0911-4FC9-A7EE-465BEF4F15AD}.Release|iPhone.Build.0 = Release|Any CPU
		{B59D30E1-0911-4FC9-A7EE-465BEF4F15AD}.Release|iPhone.Deploy.0 = Release|Any CPU
		{B59D30E1-0911-4FC9-A7EE-465BEF4F15AD}.Release|iPhoneSimulator.ActiveCfg = Release|Any CPU
		{B59D30E1-0911-4FC9-A7EE-465BEF4F15AD}.Release|iPhoneSimulator.Build.0 = Release|Any CPU
		{B59D30E1-0911-4FC9-A7EE-465BEF4F15AD}.Release|iPhoneSimulator.Deploy.0 = Release|Any CPU
		{B59D30E1-0911-4FC9-A7EE-465BEF4F15AD}.Release|x64.ActiveCfg = Release|Any CPU
		{B59D30E1-0911-4FC9-A7EE-465BEF4F15AD}.Release|x64.Build.0 = Release|Any CPU
		{B59D30E1-0911-4FC9-A7EE-465BEF4F15AD}.Release|x64.Deploy.0 = Release|Any CPU
		{B59D30E1-0911-4FC9-A7EE-465BEF4F15AD}.Release|x86.ActiveCfg = Release|Any CPU
		{B59D30E1-0911-4FC9-A7EE-465BEF4F15AD}.Release|x86.Build.0 = Release|Any CPU
		{B59D30E1-0911-4FC9-A7EE-465BEF4F15AD}.Release|x86.Deploy.0 = Release|Any CPU
		{49F79F3F-8E34-45EF-A2A2-90D90C17AB7D}.Ad-Hoc|Any CPU.ActiveCfg = Release|Any CPU
		{49F79F3F-8E34-45EF-A2A2-90D90C17AB7D}.Ad-Hoc|Any CPU.Build.0 = Release|Any CPU
		{49F79F3F-8E34-45EF-A2A2-90D90C17AB7D}.Ad-Hoc|ARM.ActiveCfg = Release|Any CPU
		{49F79F3F-8E34-45EF-A2A2-90D90C17AB7D}.Ad-Hoc|ARM.Build.0 = Release|Any CPU
		{49F79F3F-8E34-45EF-A2A2-90D90C17AB7D}.Ad-Hoc|iPhone.ActiveCfg = Release|Any CPU
		{49F79F3F-8E34-45EF-A2A2-90D90C17AB7D}.Ad-Hoc|iPhone.Build.0 = Release|Any CPU
		{49F79F3F-8E34-45EF-A2A2-90D90C17AB7D}.Ad-Hoc|iPhoneSimulator.ActiveCfg = Release|Any CPU
		{49F79F3F-8E34-45EF-A2A2-90D90C17AB7D}.Ad-Hoc|iPhoneSimulator.Build.0 = Release|Any CPU
		{49F79F3F-8E34-45EF-A2A2-90D90C17AB7D}.Ad-Hoc|x64.ActiveCfg = Release|Any CPU
		{49F79F3F-8E34-45EF-A2A2-90D90C17AB7D}.Ad-Hoc|x64.Build.0 = Release|Any CPU
		{49F79F3F-8E34-45EF-A2A2-90D90C17AB7D}.Ad-Hoc|x86.ActiveCfg = Release|Any CPU
		{49F79F3F-8E34-45EF-A2A2-90D90C17AB7D}.Ad-Hoc|x86.Build.0 = Release|Any CPU
		{49F79F3F-8E34-45EF-A2A2-90D90C17AB7D}.AppStore|Any CPU.ActiveCfg = Release|Any CPU
		{49F79F3F-8E34-45EF-A2A2-90D90C17AB7D}.AppStore|Any CPU.Build.0 = Release|Any CPU
		{49F79F3F-8E34-45EF-A2A2-90D90C17AB7D}.AppStore|ARM.ActiveCfg = Release|Any CPU
		{49F79F3F-8E34-45EF-A2A2-90D90C17AB7D}.AppStore|ARM.Build.0 = Release|Any CPU
		{49F79F3F-8E34-45EF-A2A2-90D90C17AB7D}.AppStore|iPhone.ActiveCfg = Release|Any CPU
		{49F79F3F-8E34-45EF-A2A2-90D90C17AB7D}.AppStore|iPhone.Build.0 = Release|Any CPU
		{49F79F3F-8E34-45EF-A2A2-90D90C17AB7D}.AppStore|iPhoneSimulator.ActiveCfg = Release|Any CPU
		{49F79F3F-8E34-45EF-A2A2-90D90C17AB7D}.AppStore|iPhoneSimulator.Build.0 = Release|Any CPU
		{49F79F3F-8E34-45EF-A2A2-90D90C17AB7D}.AppStore|x64.ActiveCfg = Release|Any CPU
		{49F79F3F-8E34-45EF-A2A2-90D90C17AB7D}.AppStore|x64.Build.0 = Release|Any CPU
		{49F79F3F-8E34-45EF-A2A2-90D90C17AB7D}.AppStore|x86.ActiveCfg = Release|Any CPU
		{49F79F3F-8E34-45EF-A2A2-90D90C17AB7D}.AppStore|x86.Build.0 = Release|Any CPU
		{49F79F3F-8E34-45EF-A2A2-90D90C17AB7D}.Debug|Any CPU.ActiveCfg = Debug|Any CPU
		{49F79F3F-8E34-45EF-A2A2-90D90C17AB7D}.Debug|Any CPU.Build.0 = Debug|Any CPU
		{49F79F3F-8E34-45EF-A2A2-90D90C17AB7D}.Debug|ARM.ActiveCfg = Debug|Any CPU
		{49F79F3F-8E34-45EF-A2A2-90D90C17AB7D}.Debug|ARM.Build.0 = Debug|Any CPU
		{49F79F3F-8E34-45EF-A2A2-90D90C17AB7D}.Debug|iPhone.ActiveCfg = Debug|Any CPU
		{49F79F3F-8E34-45EF-A2A2-90D90C17AB7D}.Debug|iPhone.Build.0 = Debug|Any CPU
		{49F79F3F-8E34-45EF-A2A2-90D90C17AB7D}.Debug|iPhoneSimulator.ActiveCfg = Debug|Any CPU
		{49F79F3F-8E34-45EF-A2A2-90D90C17AB7D}.Debug|iPhoneSimulator.Build.0 = Debug|Any CPU
		{49F79F3F-8E34-45EF-A2A2-90D90C17AB7D}.Debug|x64.ActiveCfg = Debug|Any CPU
		{49F79F3F-8E34-45EF-A2A2-90D90C17AB7D}.Debug|x64.Build.0 = Debug|Any CPU
		{49F79F3F-8E34-45EF-A2A2-90D90C17AB7D}.Debug|x86.ActiveCfg = Debug|Any CPU
		{49F79F3F-8E34-45EF-A2A2-90D90C17AB7D}.Debug|x86.Build.0 = Debug|Any CPU
		{49F79F3F-8E34-45EF-A2A2-90D90C17AB7D}.Release|Any CPU.ActiveCfg = Release|Any CPU
		{49F79F3F-8E34-45EF-A2A2-90D90C17AB7D}.Release|Any CPU.Build.0 = Release|Any CPU
		{49F79F3F-8E34-45EF-A2A2-90D90C17AB7D}.Release|ARM.ActiveCfg = Release|Any CPU
		{49F79F3F-8E34-45EF-A2A2-90D90C17AB7D}.Release|ARM.Build.0 = Release|Any CPU
		{49F79F3F-8E34-45EF-A2A2-90D90C17AB7D}.Release|iPhone.ActiveCfg = Release|Any CPU
		{49F79F3F-8E34-45EF-A2A2-90D90C17AB7D}.Release|iPhone.Build.0 = Release|Any CPU
		{49F79F3F-8E34-45EF-A2A2-90D90C17AB7D}.Release|iPhoneSimulator.ActiveCfg = Release|Any CPU
		{49F79F3F-8E34-45EF-A2A2-90D90C17AB7D}.Release|iPhoneSimulator.Build.0 = Release|Any CPU
		{49F79F3F-8E34-45EF-A2A2-90D90C17AB7D}.Release|x64.ActiveCfg = Release|Any CPU
		{49F79F3F-8E34-45EF-A2A2-90D90C17AB7D}.Release|x64.Build.0 = Release|Any CPU
		{49F79F3F-8E34-45EF-A2A2-90D90C17AB7D}.Release|x86.ActiveCfg = Release|Any CPU
		{49F79F3F-8E34-45EF-A2A2-90D90C17AB7D}.Release|x86.Build.0 = Release|Any CPU
		{2AAC15F3-19B8-419C-8A7B-5E732A338436}.Ad-Hoc|Any CPU.ActiveCfg = Release|x86
		{2AAC15F3-19B8-419C-8A7B-5E732A338436}.Ad-Hoc|Any CPU.Build.0 = Release|x86
		{2AAC15F3-19B8-419C-8A7B-5E732A338436}.Ad-Hoc|Any CPU.Deploy.0 = Release|x86
		{2AAC15F3-19B8-419C-8A7B-5E732A338436}.Ad-Hoc|ARM.ActiveCfg = Release|ARM
		{2AAC15F3-19B8-419C-8A7B-5E732A338436}.Ad-Hoc|ARM.Build.0 = Release|ARM
		{2AAC15F3-19B8-419C-8A7B-5E732A338436}.Ad-Hoc|ARM.Deploy.0 = Release|ARM
		{2AAC15F3-19B8-419C-8A7B-5E732A338436}.Ad-Hoc|iPhone.ActiveCfg = Release|x86
		{2AAC15F3-19B8-419C-8A7B-5E732A338436}.Ad-Hoc|iPhone.Build.0 = Release|x86
		{2AAC15F3-19B8-419C-8A7B-5E732A338436}.Ad-Hoc|iPhone.Deploy.0 = Release|x86
		{2AAC15F3-19B8-419C-8A7B-5E732A338436}.Ad-Hoc|iPhoneSimulator.ActiveCfg = Release|x86
		{2AAC15F3-19B8-419C-8A7B-5E732A338436}.Ad-Hoc|iPhoneSimulator.Build.0 = Release|x86
		{2AAC15F3-19B8-419C-8A7B-5E732A338436}.Ad-Hoc|iPhoneSimulator.Deploy.0 = Release|x86
		{2AAC15F3-19B8-419C-8A7B-5E732A338436}.Ad-Hoc|x64.ActiveCfg = Release|x64
		{2AAC15F3-19B8-419C-8A7B-5E732A338436}.Ad-Hoc|x64.Build.0 = Release|x64
		{2AAC15F3-19B8-419C-8A7B-5E732A338436}.Ad-Hoc|x64.Deploy.0 = Release|x64
		{2AAC15F3-19B8-419C-8A7B-5E732A338436}.Ad-Hoc|x86.ActiveCfg = Release|x86
		{2AAC15F3-19B8-419C-8A7B-5E732A338436}.Ad-Hoc|x86.Build.0 = Release|x86
		{2AAC15F3-19B8-419C-8A7B-5E732A338436}.Ad-Hoc|x86.Deploy.0 = Release|x86
		{2AAC15F3-19B8-419C-8A7B-5E732A338436}.AppStore|Any CPU.ActiveCfg = Release|x86
		{2AAC15F3-19B8-419C-8A7B-5E732A338436}.AppStore|Any CPU.Build.0 = Release|x86
		{2AAC15F3-19B8-419C-8A7B-5E732A338436}.AppStore|Any CPU.Deploy.0 = Release|x86
		{2AAC15F3-19B8-419C-8A7B-5E732A338436}.AppStore|ARM.ActiveCfg = Release|ARM
		{2AAC15F3-19B8-419C-8A7B-5E732A338436}.AppStore|ARM.Build.0 = Release|ARM
		{2AAC15F3-19B8-419C-8A7B-5E732A338436}.AppStore|ARM.Deploy.0 = Release|ARM
		{2AAC15F3-19B8-419C-8A7B-5E732A338436}.AppStore|iPhone.ActiveCfg = Release|x86
		{2AAC15F3-19B8-419C-8A7B-5E732A338436}.AppStore|iPhone.Build.0 = Release|x86
		{2AAC15F3-19B8-419C-8A7B-5E732A338436}.AppStore|iPhone.Deploy.0 = Release|x86
		{2AAC15F3-19B8-419C-8A7B-5E732A338436}.AppStore|iPhoneSimulator.ActiveCfg = Release|x86
		{2AAC15F3-19B8-419C-8A7B-5E732A338436}.AppStore|iPhoneSimulator.Build.0 = Release|x86
		{2AAC15F3-19B8-419C-8A7B-5E732A338436}.AppStore|iPhoneSimulator.Deploy.0 = Release|x86
		{2AAC15F3-19B8-419C-8A7B-5E732A338436}.AppStore|x64.ActiveCfg = Release|x64
		{2AAC15F3-19B8-419C-8A7B-5E732A338436}.AppStore|x64.Build.0 = Release|x64
		{2AAC15F3-19B8-419C-8A7B-5E732A338436}.AppStore|x64.Deploy.0 = Release|x64
		{2AAC15F3-19B8-419C-8A7B-5E732A338436}.AppStore|x86.ActiveCfg = Release|x86
		{2AAC15F3-19B8-419C-8A7B-5E732A338436}.AppStore|x86.Build.0 = Release|x86
		{2AAC15F3-19B8-419C-8A7B-5E732A338436}.AppStore|x86.Deploy.0 = Release|x86
		{2AAC15F3-19B8-419C-8A7B-5E732A338436}.Debug|Any CPU.ActiveCfg = Debug|x86
		{2AAC15F3-19B8-419C-8A7B-5E732A338436}.Debug|ARM.ActiveCfg = Debug|ARM
		{2AAC15F3-19B8-419C-8A7B-5E732A338436}.Debug|ARM.Build.0 = Debug|ARM
		{2AAC15F3-19B8-419C-8A7B-5E732A338436}.Debug|ARM.Deploy.0 = Debug|ARM
		{2AAC15F3-19B8-419C-8A7B-5E732A338436}.Debug|iPhone.ActiveCfg = Debug|x86
		{2AAC15F3-19B8-419C-8A7B-5E732A338436}.Debug|iPhoneSimulator.ActiveCfg = Debug|x86
		{2AAC15F3-19B8-419C-8A7B-5E732A338436}.Debug|x64.ActiveCfg = Debug|x64
		{2AAC15F3-19B8-419C-8A7B-5E732A338436}.Debug|x64.Build.0 = Debug|x64
		{2AAC15F3-19B8-419C-8A7B-5E732A338436}.Debug|x64.Deploy.0 = Debug|x64
		{2AAC15F3-19B8-419C-8A7B-5E732A338436}.Debug|x86.ActiveCfg = Debug|x86
		{2AAC15F3-19B8-419C-8A7B-5E732A338436}.Debug|x86.Build.0 = Debug|x86
		{2AAC15F3-19B8-419C-8A7B-5E732A338436}.Debug|x86.Deploy.0 = Debug|x86
		{2AAC15F3-19B8-419C-8A7B-5E732A338436}.Release|Any CPU.ActiveCfg = Release|x86
		{2AAC15F3-19B8-419C-8A7B-5E732A338436}.Release|ARM.ActiveCfg = Release|ARM
		{2AAC15F3-19B8-419C-8A7B-5E732A338436}.Release|ARM.Build.0 = Release|ARM
		{2AAC15F3-19B8-419C-8A7B-5E732A338436}.Release|ARM.Deploy.0 = Release|ARM
		{2AAC15F3-19B8-419C-8A7B-5E732A338436}.Release|iPhone.ActiveCfg = Release|x86
		{2AAC15F3-19B8-419C-8A7B-5E732A338436}.Release|iPhoneSimulator.ActiveCfg = Release|x86
		{2AAC15F3-19B8-419C-8A7B-5E732A338436}.Release|x64.ActiveCfg = Release|x64
		{2AAC15F3-19B8-419C-8A7B-5E732A338436}.Release|x64.Build.0 = Release|x64
		{2AAC15F3-19B8-419C-8A7B-5E732A338436}.Release|x64.Deploy.0 = Release|x64
		{2AAC15F3-19B8-419C-8A7B-5E732A338436}.Release|x86.ActiveCfg = Release|x86
		{2AAC15F3-19B8-419C-8A7B-5E732A338436}.Release|x86.Build.0 = Release|x86
		{2AAC15F3-19B8-419C-8A7B-5E732A338436}.Release|x86.Deploy.0 = Release|x86
		{BF4B37FD-110D-4B90-ADB9-3EAA7B8AB955}.Ad-Hoc|Any CPU.ActiveCfg = Ad-Hoc|iPhone
		{BF4B37FD-110D-4B90-ADB9-3EAA7B8AB955}.Ad-Hoc|ARM.ActiveCfg = Ad-Hoc|iPhone
		{BF4B37FD-110D-4B90-ADB9-3EAA7B8AB955}.Ad-Hoc|iPhone.ActiveCfg = Ad-Hoc|iPhone
		{BF4B37FD-110D-4B90-ADB9-3EAA7B8AB955}.Ad-Hoc|iPhone.Build.0 = Ad-Hoc|iPhone
		{BF4B37FD-110D-4B90-ADB9-3EAA7B8AB955}.Ad-Hoc|iPhoneSimulator.ActiveCfg = Ad-Hoc|iPhoneSimulator
		{BF4B37FD-110D-4B90-ADB9-3EAA7B8AB955}.Ad-Hoc|iPhoneSimulator.Build.0 = Ad-Hoc|iPhoneSimulator
		{BF4B37FD-110D-4B90-ADB9-3EAA7B8AB955}.Ad-Hoc|x64.ActiveCfg = Ad-Hoc|iPhone
		{BF4B37FD-110D-4B90-ADB9-3EAA7B8AB955}.Ad-Hoc|x86.ActiveCfg = Ad-Hoc|iPhone
		{BF4B37FD-110D-4B90-ADB9-3EAA7B8AB955}.AppStore|Any CPU.ActiveCfg = AppStore|iPhone
		{BF4B37FD-110D-4B90-ADB9-3EAA7B8AB955}.AppStore|ARM.ActiveCfg = AppStore|iPhone
		{BF4B37FD-110D-4B90-ADB9-3EAA7B8AB955}.AppStore|iPhone.ActiveCfg = AppStore|iPhone
		{BF4B37FD-110D-4B90-ADB9-3EAA7B8AB955}.AppStore|iPhone.Build.0 = AppStore|iPhone
		{BF4B37FD-110D-4B90-ADB9-3EAA7B8AB955}.AppStore|iPhoneSimulator.ActiveCfg = AppStore|iPhoneSimulator
		{BF4B37FD-110D-4B90-ADB9-3EAA7B8AB955}.AppStore|iPhoneSimulator.Build.0 = AppStore|iPhoneSimulator
		{BF4B37FD-110D-4B90-ADB9-3EAA7B8AB955}.AppStore|x64.ActiveCfg = AppStore|iPhone
		{BF4B37FD-110D-4B90-ADB9-3EAA7B8AB955}.AppStore|x86.ActiveCfg = AppStore|iPhone
		{BF4B37FD-110D-4B90-ADB9-3EAA7B8AB955}.Debug|Any CPU.ActiveCfg = Debug|iPhone
		{BF4B37FD-110D-4B90-ADB9-3EAA7B8AB955}.Debug|ARM.ActiveCfg = Debug|iPhone
		{BF4B37FD-110D-4B90-ADB9-3EAA7B8AB955}.Debug|iPhone.ActiveCfg = Debug|iPhone
		{BF4B37FD-110D-4B90-ADB9-3EAA7B8AB955}.Debug|iPhone.Build.0 = Debug|iPhone
		{BF4B37FD-110D-4B90-ADB9-3EAA7B8AB955}.Debug|iPhoneSimulator.ActiveCfg = Debug|iPhoneSimulator
		{BF4B37FD-110D-4B90-ADB9-3EAA7B8AB955}.Debug|iPhoneSimulator.Build.0 = Debug|iPhoneSimulator
		{BF4B37FD-110D-4B90-ADB9-3EAA7B8AB955}.Debug|x64.ActiveCfg = Debug|iPhone
		{BF4B37FD-110D-4B90-ADB9-3EAA7B8AB955}.Debug|x86.ActiveCfg = Debug|iPhone
		{BF4B37FD-110D-4B90-ADB9-3EAA7B8AB955}.Release|Any CPU.ActiveCfg = Release|iPhone
		{BF4B37FD-110D-4B90-ADB9-3EAA7B8AB955}.Release|ARM.ActiveCfg = Release|iPhone
		{BF4B37FD-110D-4B90-ADB9-3EAA7B8AB955}.Release|iPhone.ActiveCfg = Release|iPhone
		{BF4B37FD-110D-4B90-ADB9-3EAA7B8AB955}.Release|iPhone.Build.0 = Release|iPhone
		{BF4B37FD-110D-4B90-ADB9-3EAA7B8AB955}.Release|iPhoneSimulator.ActiveCfg = Release|iPhoneSimulator
		{BF4B37FD-110D-4B90-ADB9-3EAA7B8AB955}.Release|iPhoneSimulator.Build.0 = Release|iPhoneSimulator
		{BF4B37FD-110D-4B90-ADB9-3EAA7B8AB955}.Release|x64.ActiveCfg = Release|iPhone
		{BF4B37FD-110D-4B90-ADB9-3EAA7B8AB955}.Release|x86.ActiveCfg = Release|iPhone
	EndGlobalSection
	GlobalSection(SolutionProperties) = preSolution
		HideSolutionNode = FALSE
	EndGlobalSection
	GlobalSection(ExtensibilityGlobals) = postSolution
		SolutionGuid = {4B94A218-FE74-4C56-A93C-965390E2DC80}
	EndGlobalSection
EndGlobal
