
Microsoft Visual Studio Solution File, Format Version 12.00
# Visual Studio 15
VisualStudioVersion = 15.0.26730.12
MinimumVisualStudioVersion = 10.0.40219.1
Project("{FAE04EC0-301F-11D3-BF4B-00C04F79EFBC}") = "Projeto04.Android", "Projeto04\Projeto04.Android\Projeto04.Android.csproj", "{3E0DEB10-3005-40EC-A1D7-1027B2CB8F69}"
EndProject
Project("{FAE04EC0-301F-11D3-BF4B-00C04F79EFBC}") = "Projeto04", "Projeto04\Projeto04\Projeto04.csproj", "{CD3E66A1-F682-4EB0-B22F-B9C7FF971011}"
EndProject
Project("{FAE04EC0-301F-11D3-BF4B-00C04F79EFBC}") = "Projeto04.UWP", "Projeto04\Projeto04.UWP\Projeto04.UWP.csproj", "{875FE02D-8551-40B2-85D2-84B1C3CB6039}"
EndProject
Project("{FAE04EC0-301F-11D3-BF4B-00C04F79EFBC}") = "Projeto04.iOS", "Projeto04\Projeto04.iOS\Projeto04.iOS.csproj", "{0364B2BF-C397-4270-9D63-F57E2E08B4D5}"
EndProject
Global
	GlobalSection(SolutionConfigurationPlatforms) = preSolution
		Ad-Hoc|Any CPU = Ad-Hoc|Any CPU
		Ad-Hoc|ARM = Ad-Hoc|ARM
		Ad-Hoc|iPhone = Ad-Hoc|iPhone
		Ad-Hoc|iPhoneSimulator = Ad-Hoc|iPhoneSimulator
		Ad-Hoc|x64 = Ad-Hoc|x64
		Ad-Hoc|x86 = Ad-Hoc|x86
		AppStore|Any CPU = AppStore|Any CPU
		AppStore|ARM = AppStore|ARM
		AppStore|iPhone = AppStore|iPhone
		AppStore|iPhoneSimulator = AppStore|iPhoneSimulator
		AppStore|x64 = AppStore|x64
		AppStore|x86 = AppStore|x86
		Debug|Any CPU = Debug|Any CPU
		Debug|ARM = Debug|ARM
		Debug|iPhone = Debug|iPhone
		Debug|iPhoneSimulator = Debug|iPhoneSimulator
		Debug|x64 = Debug|x64
		Debug|x86 = Debug|x86
		Release|Any CPU = Release|Any CPU
		Release|ARM = Release|ARM
		Release|iPhone = Release|iPhone
		Release|iPhoneSimulator = Release|iPhoneSimulator
		Release|x64 = Release|x64
		Release|x86 = Release|x86
	EndGlobalSection
	GlobalSection(ProjectConfigurationPlatforms) = postSolution
		{3E0DEB10-3005-40EC-A1D7-1027B2CB8F69}.Ad-Hoc|Any CPU.ActiveCfg = Release|Any CPU
		{3E0DEB10-3005-40EC-A1D7-1027B2CB8F69}.Ad-Hoc|Any CPU.Build.0 = Release|Any CPU
		{3E0DEB10-3005-40EC-A1D7-1027B2CB8F69}.Ad-Hoc|Any CPU.Deploy.0 = Release|Any CPU
		{3E0DEB10-3005-40EC-A1D7-1027B2CB8F69}.Ad-Hoc|ARM.ActiveCfg = Release|Any CPU
		{3E0DEB10-3005-40EC-A1D7-1027B2CB8F69}.Ad-Hoc|ARM.Build.0 = Release|Any CPU
		{3E0DEB10-3005-40EC-A1D7-1027B2CB8F69}.Ad-Hoc|ARM.Deploy.0 = Release|Any CPU
		{3E0DEB10-3005-40EC-A1D7-1027B2CB8F69}.Ad-Hoc|iPhone.ActiveCfg = Release|Any CPU
		{3E0DEB10-3005-40EC-A1D7-1027B2CB8F69}.Ad-Hoc|iPhone.Build.0 = Release|Any CPU
		{3E0DEB10-3005-40EC-A1D7-1027B2CB8F69}.Ad-Hoc|iPhone.Deploy.0 = Release|Any CPU
		{3E0DEB10-3005-40EC-A1D7-1027B2CB8F69}.Ad-Hoc|iPhoneSimulator.ActiveCfg = Release|Any CPU
		{3E0DEB10-3005-40EC-A1D7-1027B2CB8F69}.Ad-Hoc|iPhoneSimulator.Build.0 = Release|Any CPU
		{3E0DEB10-3005-40EC-A1D7-1027B2CB8F69}.Ad-Hoc|iPhoneSimulator.Deploy.0 = Release|Any CPU
		{3E0DEB10-3005-40EC-A1D7-1027B2CB8F69}.Ad-Hoc|x64.ActiveCfg = Release|Any CPU
		{3E0DEB10-3005-40EC-A1D7-1027B2CB8F69}.Ad-Hoc|x64.Build.0 = Release|Any CPU
		{3E0DEB10-3005-40EC-A1D7-1027B2CB8F69}.Ad-Hoc|x64.Deploy.0 = Release|Any CPU
		{3E0DEB10-3005-40EC-A1D7-1027B2CB8F69}.Ad-Hoc|x86.ActiveCfg = Release|Any CPU
		{3E0DEB10-3005-40EC-A1D7-1027B2CB8F69}.Ad-Hoc|x86.Build.0 = Release|Any CPU
		{3E0DEB10-3005-40EC-A1D7-1027B2CB8F69}.Ad-Hoc|x86.Deploy.0 = Release|Any CPU
		{3E0DEB10-3005-40EC-A1D7-1027B2CB8F69}.AppStore|Any CPU.ActiveCfg = Release|Any CPU
		{3E0DEB10-3005-40EC-A1D7-1027B2CB8F69}.AppStore|Any CPU.Build.0 = Release|Any CPU
		{3E0DEB10-3005-40EC-A1D7-1027B2CB8F69}.AppStore|Any CPU.Deploy.0 = Release|Any CPU
		{3E0DEB10-3005-40EC-A1D7-1027B2CB8F69}.AppStore|ARM.ActiveCfg = Release|Any CPU
		{3E0DEB10-3005-40EC-A1D7-1027B2CB8F69}.AppStore|ARM.Build.0 = Release|Any CPU
		{3E0DEB10-3005-40EC-A1D7-1027B2CB8F69}.AppStore|ARM.Deploy.0 = Release|Any CPU
		{3E0DEB10-3005-40EC-A1D7-1027B2CB8F69}.AppStore|iPhone.ActiveCfg = Release|Any CPU
		{3E0DEB10-3005-40EC-A1D7-1027B2CB8F69}.AppStore|iPhone.Build.0 = Release|Any CPU
		{3E0DEB10-3005-40EC-A1D7-1027B2CB8F69}.AppStore|iPhone.Deploy.0 = Release|Any CPU
		{3E0DEB10-3005-40EC-A1D7-1027B2CB8F69}.AppStore|iPhoneSimulator.ActiveCfg = Release|Any CPU
		{3E0DEB10-3005-40EC-A1D7-1027B2CB8F69}.AppStore|iPhoneSimulator.Build.0 = Release|Any CPU
		{3E0DEB10-3005-40EC-A1D7-1027B2CB8F69}.AppStore|iPhoneSimulator.Deploy.0 = Release|Any CPU
		{3E0DEB10-3005-40EC-A1D7-1027B2CB8F69}.AppStore|x64.ActiveCfg = Release|Any CPU
		{3E0DEB10-3005-40EC-A1D7-1027B2CB8F69}.AppStore|x64.Build.0 = Release|Any CPU
		{3E0DEB10-3005-40EC-A1D7-1027B2CB8F69}.AppStore|x64.Deploy.0 = Release|Any CPU
		{3E0DEB10-3005-40EC-A1D7-1027B2CB8F69}.AppStore|x86.ActiveCfg = Release|Any CPU
		{3E0DEB10-3005-40EC-A1D7-1027B2CB8F69}.AppStore|x86.Build.0 = Release|Any CPU
		{3E0DEB10-3005-40EC-A1D7-1027B2CB8F69}.AppStore|x86.Deploy.0 = Release|Any CPU
		{3E0DEB10-3005-40EC-A1D7-1027B2CB8F69}.Debug|Any CPU.ActiveCfg = Debug|Any CPU
		{3E0DEB10-3005-40EC-A1D7-1027B2CB8F69}.Debug|Any CPU.Build.0 = Debug|Any CPU
		{3E0DEB10-3005-40EC-A1D7-1027B2CB8F69}.Debug|Any CPU.Deploy.0 = Debug|Any CPU
		{3E0DEB10-3005-40EC-A1D7-1027B2CB8F69}.Debug|ARM.ActiveCfg = Debug|Any CPU
		{3E0DEB10-3005-40EC-A1D7-1027B2CB8F69}.Debug|ARM.Build.0 = Debug|Any CPU
		{3E0DEB10-3005-40EC-A1D7-1027B2CB8F69}.Debug|ARM.Deploy.0 = Debug|Any CPU
		{3E0DEB10-3005-40EC-A1D7-1027B2CB8F69}.Debug|iPhone.ActiveCfg = Debug|Any CPU
		{3E0DEB10-3005-40EC-A1D7-1027B2CB8F69}.Debug|iPhone.Build.0 = Debug|Any CPU
		{3E0DEB10-3005-40EC-A1D7-1027B2CB8F69}.Debug|iPhone.Deploy.0 = Debug|Any CPU
		{3E0DEB10-3005-40EC-A1D7-1027B2CB8F69}.Debug|iPhoneSimulator.ActiveCfg = Debug|Any CPU
		{3E0DEB10-3005-40EC-A1D7-1027B2CB8F69}.Debug|iPhoneSimulator.Build.0 = Debug|Any CPU
		{3E0DEB10-3005-40EC-A1D7-1027B2CB8F69}.Debug|iPhoneSimulator.Deploy.0 = Debug|Any CPU
		{3E0DEB10-3005-40EC-A1D7-1027B2CB8F69}.Debug|x64.ActiveCfg = Debug|Any CPU
		{3E0DEB10-3005-40EC-A1D7-1027B2CB8F69}.Debug|x64.Build.0 = Debug|Any CPU
		{3E0DEB10-3005-40EC-A1D7-1027B2CB8F69}.Debug|x64.Deploy.0 = Debug|Any CPU
		{3E0DEB10-3005-40EC-A1D7-1027B2CB8F69}.Debug|x86.ActiveCfg = Debug|Any CPU
		{3E0DEB10-3005-40EC-A1D7-1027B2CB8F69}.Debug|x86.Build.0 = Debug|Any CPU
		{3E0DEB10-3005-40EC-A1D7-1027B2CB8F69}.Debug|x86.Deploy.0 = Debug|Any CPU
		{3E0DEB10-3005-40EC-A1D7-1027B2CB8F69}.Release|Any CPU.ActiveCfg = Release|Any CPU
		{3E0DEB10-3005-40EC-A1D7-1027B2CB8F69}.Release|Any CPU.Build.0 = Release|Any CPU
		{3E0DEB10-3005-40EC-A1D7-1027B2CB8F69}.Release|Any CPU.Deploy.0 = Release|Any CPU
		{3E0DEB10-3005-40EC-A1D7-1027B2CB8F69}.Release|ARM.ActiveCfg = Release|Any CPU
		{3E0DEB10-3005-40EC-A1D7-1027B2CB8F69}.Release|ARM.Build.0 = Release|Any CPU
		{3E0DEB10-3005-40EC-A1D7-1027B2CB8F69}.Release|ARM.Deploy.0 = Release|Any CPU
		{3E0DEB10-3005-40EC-A1D7-1027B2CB8F69}.Release|iPhone.ActiveCfg = Release|Any CPU
		{3E0DEB10-3005-40EC-A1D7-1027B2CB8F69}.Release|iPhone.Build.0 = Release|Any CPU
		{3E0DEB10-3005-40EC-A1D7-1027B2CB8F69}.Release|iPhone.Deploy.0 = Release|Any CPU
		{3E0DEB10-3005-40EC-A1D7-1027B2CB8F69}.Release|iPhoneSimulator.ActiveCfg = Release|Any CPU
		{3E0DEB10-3005-40EC-A1D7-1027B2CB8F69}.Release|iPhoneSimulator.Build.0 = Release|Any CPU
		{3E0DEB10-3005-40EC-A1D7-1027B2CB8F69}.Release|iPhoneSimulator.Deploy.0 = Release|Any CPU
		{3E0DEB10-3005-40EC-A1D7-1027B2CB8F69}.Release|x64.ActiveCfg = Release|Any CPU
		{3E0DEB10-3005-40EC-A1D7-1027B2CB8F69}.Release|x64.Build.0 = Release|Any CPU
		{3E0DEB10-3005-40EC-A1D7-1027B2CB8F69}.Release|x64.Deploy.0 = Release|Any CPU
		{3E0DEB10-3005-40EC-A1D7-1027B2CB8F69}.Release|x86.ActiveCfg = Release|Any CPU
		{3E0DEB10-3005-40EC-A1D7-1027B2CB8F69}.Release|x86.Build.0 = Release|Any CPU
		{3E0DEB10-3005-40EC-A1D7-1027B2CB8F69}.Release|x86.Deploy.0 = Release|Any CPU
		{CD3E66A1-F682-4EB0-B22F-B9C7FF971011}.Ad-Hoc|Any CPU.ActiveCfg = Release|Any CPU
		{CD3E66A1-F682-4EB0-B22F-B9C7FF971011}.Ad-Hoc|Any CPU.Build.0 = Release|Any CPU
		{CD3E66A1-F682-4EB0-B22F-B9C7FF971011}.Ad-Hoc|ARM.ActiveCfg = Release|Any CPU
		{CD3E66A1-F682-4EB0-B22F-B9C7FF971011}.Ad-Hoc|ARM.Build.0 = Release|Any CPU
		{CD3E66A1-F682-4EB0-B22F-B9C7FF971011}.Ad-Hoc|iPhone.ActiveCfg = Release|Any CPU
		{CD3E66A1-F682-4EB0-B22F-B9C7FF971011}.Ad-Hoc|iPhone.Build.0 = Release|Any CPU
		{CD3E66A1-F682-4EB0-B22F-B9C7FF971011}.Ad-Hoc|iPhoneSimulator.ActiveCfg = Release|Any CPU
		{CD3E66A1-F682-4EB0-B22F-B9C7FF971011}.Ad-Hoc|iPhoneSimulator.Build.0 = Release|Any CPU
		{CD3E66A1-F682-4EB0-B22F-B9C7FF971011}.Ad-Hoc|x64.ActiveCfg = Release|Any CPU
		{CD3E66A1-F682-4EB0-B22F-B9C7FF971011}.Ad-Hoc|x64.Build.0 = Release|Any CPU
		{CD3E66A1-F682-4EB0-B22F-B9C7FF971011}.Ad-Hoc|x86.ActiveCfg = Release|Any CPU
		{CD3E66A1-F682-4EB0-B22F-B9C7FF971011}.Ad-Hoc|x86.Build.0 = Release|Any CPU
		{CD3E66A1-F682-4EB0-B22F-B9C7FF971011}.AppStore|Any CPU.ActiveCfg = Release|Any CPU
		{CD3E66A1-F682-4EB0-B22F-B9C7FF971011}.AppStore|Any CPU.Build.0 = Release|Any CPU
		{CD3E66A1-F682-4EB0-B22F-B9C7FF971011}.AppStore|ARM.ActiveCfg = Release|Any CPU
		{CD3E66A1-F682-4EB0-B22F-B9C7FF971011}.AppStore|ARM.Build.0 = Release|Any CPU
		{CD3E66A1-F682-4EB0-B22F-B9C7FF971011}.AppStore|iPhone.ActiveCfg = Release|Any CPU
		{CD3E66A1-F682-4EB0-B22F-B9C7FF971011}.AppStore|iPhone.Build.0 = Release|Any CPU
		{CD3E66A1-F682-4EB0-B22F-B9C7FF971011}.AppStore|iPhoneSimulator.ActiveCfg = Release|Any CPU
		{CD3E66A1-F682-4EB0-B22F-B9C7FF971011}.AppStore|iPhoneSimulator.Build.0 = Release|Any CPU
		{CD3E66A1-F682-4EB0-B22F-B9C7FF971011}.AppStore|x64.ActiveCfg = Release|Any CPU
		{CD3E66A1-F682-4EB0-B22F-B9C7FF971011}.AppStore|x64.Build.0 = Release|Any CPU
		{CD3E66A1-F682-4EB0-B22F-B9C7FF971011}.AppStore|x86.ActiveCfg = Release|Any CPU
		{CD3E66A1-F682-4EB0-B22F-B9C7FF971011}.AppStore|x86.Build.0 = Release|Any CPU
		{CD3E66A1-F682-4EB0-B22F-B9C7FF971011}.Debug|Any CPU.ActiveCfg = Debug|Any CPU
		{CD3E66A1-F682-4EB0-B22F-B9C7FF971011}.Debug|Any CPU.Build.0 = Debug|Any CPU
		{CD3E66A1-F682-4EB0-B22F-B9C7FF971011}.Debug|ARM.ActiveCfg = Debug|Any CPU
		{CD3E66A1-F682-4EB0-B22F-B9C7FF971011}.Debug|ARM.Build.0 = Debug|Any CPU
		{CD3E66A1-F682-4EB0-B22F-B9C7FF971011}.Debug|iPhone.ActiveCfg = Debug|Any CPU
		{CD3E66A1-F682-4EB0-B22F-B9C7FF971011}.Debug|iPhone.Build.0 = Debug|Any CPU
		{CD3E66A1-F682-4EB0-B22F-B9C7FF971011}.Debug|iPhoneSimulator.ActiveCfg = Debug|Any CPU
		{CD3E66A1-F682-4EB0-B22F-B9C7FF971011}.Debug|iPhoneSimulator.Build.0 = Debug|Any CPU
		{CD3E66A1-F682-4EB0-B22F-B9C7FF971011}.Debug|x64.ActiveCfg = Debug|Any CPU
		{CD3E66A1-F682-4EB0-B22F-B9C7FF971011}.Debug|x64.Build.0 = Debug|Any CPU
		{CD3E66A1-F682-4EB0-B22F-B9C7FF971011}.Debug|x86.ActiveCfg = Debug|Any CPU
		{CD3E66A1-F682-4EB0-B22F-B9C7FF971011}.Debug|x86.Build.0 = Debug|Any CPU
		{CD3E66A1-F682-4EB0-B22F-B9C7FF971011}.Release|Any CPU.ActiveCfg = Release|Any CPU
		{CD3E66A1-F682-4EB0-B22F-B9C7FF971011}.Release|Any CPU.Build.0 = Release|Any CPU
		{CD3E66A1-F682-4EB0-B22F-B9C7FF971011}.Release|ARM.ActiveCfg = Release|Any CPU
		{CD3E66A1-F682-4EB0-B22F-B9C7FF971011}.Release|ARM.Build.0 = Release|Any CPU
		{CD3E66A1-F682-4EB0-B22F-B9C7FF971011}.Release|iPhone.ActiveCfg = Release|Any CPU
		{CD3E66A1-F682-4EB0-B22F-B9C7FF971011}.Release|iPhone.Build.0 = Release|Any CPU
		{CD3E66A1-F682-4EB0-B22F-B9C7FF971011}.Release|iPhoneSimulator.ActiveCfg = Release|Any CPU
		{CD3E66A1-F682-4EB0-B22F-B9C7FF971011}.Release|iPhoneSimulator.Build.0 = Release|Any CPU
		{CD3E66A1-F682-4EB0-B22F-B9C7FF971011}.Release|x64.ActiveCfg = Release|Any CPU
		{CD3E66A1-F682-4EB0-B22F-B9C7FF971011}.Release|x64.Build.0 = Release|Any CPU
		{CD3E66A1-F682-4EB0-B22F-B9C7FF971011}.Release|x86.ActiveCfg = Release|Any CPU
		{CD3E66A1-F682-4EB0-B22F-B9C7FF971011}.Release|x86.Build.0 = Release|Any CPU
		{875FE02D-8551-40B2-85D2-84B1C3CB6039}.Ad-Hoc|Any CPU.ActiveCfg = Release|x86
		{875FE02D-8551-40B2-85D2-84B1C3CB6039}.Ad-Hoc|Any CPU.Build.0 = Release|x86
		{875FE02D-8551-40B2-85D2-84B1C3CB6039}.Ad-Hoc|Any CPU.Deploy.0 = Release|x86
		{875FE02D-8551-40B2-85D2-84B1C3CB6039}.Ad-Hoc|ARM.ActiveCfg = Release|ARM
		{875FE02D-8551-40B2-85D2-84B1C3CB6039}.Ad-Hoc|ARM.Build.0 = Release|ARM
		{875FE02D-8551-40B2-85D2-84B1C3CB6039}.Ad-Hoc|ARM.Deploy.0 = Release|ARM
		{875FE02D-8551-40B2-85D2-84B1C3CB6039}.Ad-Hoc|iPhone.ActiveCfg = Release|x86
		{875FE02D-8551-40B2-85D2-84B1C3CB6039}.Ad-Hoc|iPhone.Build.0 = Release|x86
		{875FE02D-8551-40B2-85D2-84B1C3CB6039}.Ad-Hoc|iPhone.Deploy.0 = Release|x86
		{875FE02D-8551-40B2-85D2-84B1C3CB6039}.Ad-Hoc|iPhoneSimulator.ActiveCfg = Release|x86
		{875FE02D-8551-40B2-85D2-84B1C3CB6039}.Ad-Hoc|iPhoneSimulator.Build.0 = Release|x86
		{875FE02D-8551-40B2-85D2-84B1C3CB6039}.Ad-Hoc|iPhoneSimulator.Deploy.0 = Release|x86
		{875FE02D-8551-40B2-85D2-84B1C3CB6039}.Ad-Hoc|x64.ActiveCfg = Release|x64
		{875FE02D-8551-40B2-85D2-84B1C3CB6039}.Ad-Hoc|x64.Build.0 = Release|x64
		{875FE02D-8551-40B2-85D2-84B1C3CB6039}.Ad-Hoc|x64.Deploy.0 = Release|x64
		{875FE02D-8551-40B2-85D2-84B1C3CB6039}.Ad-Hoc|x86.ActiveCfg = Release|x86
		{875FE02D-8551-40B2-85D2-84B1C3CB6039}.Ad-Hoc|x86.Build.0 = Release|x86
		{875FE02D-8551-40B2-85D2-84B1C3CB6039}.Ad-Hoc|x86.Deploy.0 = Release|x86
		{875FE02D-8551-40B2-85D2-84B1C3CB6039}.AppStore|Any CPU.ActiveCfg = Release|x86
		{875FE02D-8551-40B2-85D2-84B1C3CB6039}.AppStore|Any CPU.Build.0 = Release|x86
		{875FE02D-8551-40B2-85D2-84B1C3CB6039}.AppStore|Any CPU.Deploy.0 = Release|x86
		{875FE02D-8551-40B2-85D2-84B1C3CB6039}.AppStore|ARM.ActiveCfg = Release|ARM
		{875FE02D-8551-40B2-85D2-84B1C3CB6039}.AppStore|ARM.Build.0 = Release|ARM
		{875FE02D-8551-40B2-85D2-84B1C3CB6039}.AppStore|ARM.Deploy.0 = Release|ARM
		{875FE02D-8551-40B2-85D2-84B1C3CB6039}.AppStore|iPhone.ActiveCfg = Release|x86
		{875FE02D-8551-40B2-85D2-84B1C3CB6039}.AppStore|iPhone.Build.0 = Release|x86
		{875FE02D-8551-40B2-85D2-84B1C3CB6039}.AppStore|iPhone.Deploy.0 = Release|x86
		{875FE02D-8551-40B2-85D2-84B1C3CB6039}.AppStore|iPhoneSimulator.ActiveCfg = Release|x86
		{875FE02D-8551-40B2-85D2-84B1C3CB6039}.AppStore|iPhoneSimulator.Build.0 = Release|x86
		{875FE02D-8551-40B2-85D2-84B1C3CB6039}.AppStore|iPhoneSimulator.Deploy.0 = Release|x86
		{875FE02D-8551-40B2-85D2-84B1C3CB6039}.AppStore|x64.ActiveCfg = Release|x64
		{875FE02D-8551-40B2-85D2-84B1C3CB6039}.AppStore|x64.Build.0 = Release|x64
		{875FE02D-8551-40B2-85D2-84B1C3CB6039}.AppStore|x64.Deploy.0 = Release|x64
		{875FE02D-8551-40B2-85D2-84B1C3CB6039}.AppStore|x86.ActiveCfg = Release|x86
		{875FE02D-8551-40B2-85D2-84B1C3CB6039}.AppStore|x86.Build.0 = Release|x86
		{875FE02D-8551-40B2-85D2-84B1C3CB6039}.AppStore|x86.Deploy.0 = Release|x86
		{875FE02D-8551-40B2-85D2-84B1C3CB6039}.Debug|Any CPU.ActiveCfg = Debug|x86
		{875FE02D-8551-40B2-85D2-84B1C3CB6039}.Debug|ARM.ActiveCfg = Debug|ARM
		{875FE02D-8551-40B2-85D2-84B1C3CB6039}.Debug|ARM.Build.0 = Debug|ARM
		{875FE02D-8551-40B2-85D2-84B1C3CB6039}.Debug|ARM.Deploy.0 = Debug|ARM
		{875FE02D-8551-40B2-85D2-84B1C3CB6039}.Debug|iPhone.ActiveCfg = Debug|x86
		{875FE02D-8551-40B2-85D2-84B1C3CB6039}.Debug|iPhoneSimulator.ActiveCfg = Debug|x86
		{875FE02D-8551-40B2-85D2-84B1C3CB6039}.Debug|x64.ActiveCfg = Debug|x64
		{875FE02D-8551-40B2-85D2-84B1C3CB6039}.Debug|x64.Build.0 = Debug|x64
		{875FE02D-8551-40B2-85D2-84B1C3CB6039}.Debug|x64.Deploy.0 = Debug|x64
		{875FE02D-8551-40B2-85D2-84B1C3CB6039}.Debug|x86.ActiveCfg = Debug|x86
		{875FE02D-8551-40B2-85D2-84B1C3CB6039}.Debug|x86.Build.0 = Debug|x86
		{875FE02D-8551-40B2-85D2-84B1C3CB6039}.Debug|x86.Deploy.0 = Debug|x86
		{875FE02D-8551-40B2-85D2-84B1C3CB6039}.Release|Any CPU.ActiveCfg = Release|x86
		{875FE02D-8551-40B2-85D2-84B1C3CB6039}.Release|ARM.ActiveCfg = Release|ARM
		{875FE02D-8551-40B2-85D2-84B1C3CB6039}.Release|ARM.Build.0 = Release|ARM
		{875FE02D-8551-40B2-85D2-84B1C3CB6039}.Release|ARM.Deploy.0 = Release|ARM
		{875FE02D-8551-40B2-85D2-84B1C3CB6039}.Release|iPhone.ActiveCfg = Release|x86
		{875FE02D-8551-40B2-85D2-84B1C3CB6039}.Release|iPhoneSimulator.ActiveCfg = Release|x86
		{875FE02D-8551-40B2-85D2-84B1C3CB6039}.Release|x64.ActiveCfg = Release|x64
		{875FE02D-8551-40B2-85D2-84B1C3CB6039}.Release|x64.Build.0 = Release|x64
		{875FE02D-8551-40B2-85D2-84B1C3CB6039}.Release|x64.Deploy.0 = Release|x64
		{875FE02D-8551-40B2-85D2-84B1C3CB6039}.Release|x86.ActiveCfg = Release|x86
		{875FE02D-8551-40B2-85D2-84B1C3CB6039}.Release|x86.Build.0 = Release|x86
		{875FE02D-8551-40B2-85D2-84B1C3CB6039}.Release|x86.Deploy.0 = Release|x86
		{0364B2BF-C397-4270-9D63-F57E2E08B4D5}.Ad-Hoc|Any CPU.ActiveCfg = Ad-Hoc|iPhone
		{0364B2BF-C397-4270-9D63-F57E2E08B4D5}.Ad-Hoc|ARM.ActiveCfg = Ad-Hoc|iPhone
		{0364B2BF-C397-4270-9D63-F57E2E08B4D5}.Ad-Hoc|iPhone.ActiveCfg = Ad-Hoc|iPhone
		{0364B2BF-C397-4270-9D63-F57E2E08B4D5}.Ad-Hoc|iPhone.Build.0 = Ad-Hoc|iPhone
		{0364B2BF-C397-4270-9D63-F57E2E08B4D5}.Ad-Hoc|iPhoneSimulator.ActiveCfg = Ad-Hoc|iPhoneSimulator
		{0364B2BF-C397-4270-9D63-F57E2E08B4D5}.Ad-Hoc|iPhoneSimulator.Build.0 = Ad-Hoc|iPhoneSimulator
		{0364B2BF-C397-4270-9D63-F57E2E08B4D5}.Ad-Hoc|x64.ActiveCfg = Ad-Hoc|iPhone
		{0364B2BF-C397-4270-9D63-F57E2E08B4D5}.Ad-Hoc|x86.ActiveCfg = Ad-Hoc|iPhone
		{0364B2BF-C397-4270-9D63-F57E2E08B4D5}.AppStore|Any CPU.ActiveCfg = AppStore|iPhone
		{0364B2BF-C397-4270-9D63-F57E2E08B4D5}.AppStore|ARM.ActiveCfg = AppStore|iPhone
		{0364B2BF-C397-4270-9D63-F57E2E08B4D5}.AppStore|iPhone.ActiveCfg = AppStore|iPhone
		{0364B2BF-C397-4270-9D63-F57E2E08B4D5}.AppStore|iPhone.Build.0 = AppStore|iPhone
		{0364B2BF-C397-4270-9D63-F57E2E08B4D5}.AppStore|iPhoneSimulator.ActiveCfg = AppStore|iPhoneSimulator
		{0364B2BF-C397-4270-9D63-F57E2E08B4D5}.AppStore|iPhoneSimulator.Build.0 = AppStore|iPhoneSimulator
		{0364B2BF-C397-4270-9D63-F57E2E08B4D5}.AppStore|x64.ActiveCfg = AppStore|iPhone
		{0364B2BF-C397-4270-9D63-F57E2E08B4D5}.AppStore|x86.ActiveCfg = AppStore|iPhone
		{0364B2BF-C397-4270-9D63-F57E2E08B4D5}.Debug|Any CPU.ActiveCfg = Debug|iPhone
		{0364B2BF-C397-4270-9D63-F57E2E08B4D5}.Debug|ARM.ActiveCfg = Debug|iPhone
		{0364B2BF-C397-4270-9D63-F57E2E08B4D5}.Debug|iPhone.ActiveCfg = Debug|iPhone
		{0364B2BF-C397-4270-9D63-F57E2E08B4D5}.Debug|iPhone.Build.0 = Debug|iPhone
		{0364B2BF-C397-4270-9D63-F57E2E08B4D5}.Debug|iPhoneSimulator.ActiveCfg = Debug|iPhoneSimulator
		{0364B2BF-C397-4270-9D63-F57E2E08B4D5}.Debug|iPhoneSimulator.Build.0 = Debug|iPhoneSimulator
		{0364B2BF-C397-4270-9D63-F57E2E08B4D5}.Debug|x64.ActiveCfg = Debug|iPhone
		{0364B2BF-C397-4270-9D63-F57E2E08B4D5}.Debug|x86.ActiveCfg = Debug|iPhone
		{0364B2BF-C397-4270-9D63-F57E2E08B4D5}.Release|Any CPU.ActiveCfg = Release|iPhone
		{0364B2BF-C397-4270-9D63-F57E2E08B4D5}.Release|ARM.ActiveCfg = Release|iPhone
		{0364B2BF-C397-4270-9D63-F57E2E08B4D5}.Release|iPhone.ActiveCfg = Release|iPhone
		{0364B2BF-C397-4270-9D63-F57E2E08B4D5}.Release|iPhone.Build.0 = Release|iPhone
		{0364B2BF-C397-4270-9D63-F57E2E08B4D5}.Release|iPhoneSimulator.ActiveCfg = Release|iPhoneSimulator
		{0364B2BF-C397-4270-9D63-F57E2E08B4D5}.Release|iPhoneSimulator.Build.0 = Release|iPhoneSimulator
		{0364B2BF-C397-4270-9D63-F57E2E08B4D5}.Release|x64.ActiveCfg = Release|iPhone
		{0364B2BF-C397-4270-9D63-F57E2E08B4D5}.Release|x86.ActiveCfg = Release|iPhone
	EndGlobalSection
	GlobalSection(SolutionProperties) = preSolution
		HideSolutionNode = FALSE
	EndGlobalSection
	GlobalSection(ExtensibilityGlobals) = postSolution
		SolutionGuid = {3FEE080D-8D90-425F-9E4E-5DAF79ABC847}
	EndGlobalSection
EndGlobal
