
Microsoft Visual Studio Solution File, Format Version 12.00
# Visual Studio 15
VisualStudioVersion = 15.0.26730.12
MinimumVisualStudioVersion = 10.0.40219.1
Project("{FAE04EC0-301F-11D3-BF4B-00C04F79EFBC}") = "_03_Navgation.Android", "03_Navgation\_03_Navgation.Android\_03_Navgation.Android.csproj", "{1F8CB646-FAC8-4F34-B300-DF7296E2D8ED}"
EndProject
Project("{FAE04EC0-301F-11D3-BF4B-00C04F79EFBC}") = "_03_Navgation", "03_Navgation\_03_Navgation\_03_Navgation.csproj", "{E69952A5-2368-438F-AC50-1FFF97EBAFA4}"
EndProject
Project("{FAE04EC0-301F-11D3-BF4B-00C04F79EFBC}") = "_03_Navgation.UWP", "03_Navgation\_03_Navgation.UWP\_03_Navgation.UWP.csproj", "{3A675F7B-69C3-4D6D-8526-9C705CF0C8AD}"
EndProject
Project("{FAE04EC0-301F-11D3-BF4B-00C04F79EFBC}") = "_03_Navgation.iOS", "03_Navgation\_03_Navgation.iOS\_03_Navgation.iOS.csproj", "{B5DD3956-38D0-4243-8D8F-93676409473D}"
EndProject
Global
	GlobalSection(SolutionConfigurationPlatforms) = preSolution
		Ad-Hoc|Any CPU = Ad-Hoc|Any CPU
		Ad-Hoc|ARM = Ad-Hoc|ARM
		Ad-Hoc|iPhone = Ad-Hoc|iPhone
		Ad-Hoc|iPhoneSimulator = Ad-Hoc|iPhoneSimulator
		Ad-Hoc|x64 = Ad-Hoc|x64
		Ad-Hoc|x86 = Ad-Hoc|x86
		AppStore|Any CPU = AppStore|Any CPU
		AppStore|ARM = AppStore|ARM
		AppStore|iPhone = AppStore|iPhone
		AppStore|iPhoneSimulator = AppStore|iPhoneSimulator
		AppStore|x64 = AppStore|x64
		AppStore|x86 = AppStore|x86
		Debug|Any CPU = Debug|Any CPU
		Debug|ARM = Debug|ARM
		Debug|iPhone = Debug|iPhone
		Debug|iPhoneSimulator = Debug|iPhoneSimulator
		Debug|x64 = Debug|x64
		Debug|x86 = Debug|x86
		Release|Any CPU = Release|Any CPU
		Release|ARM = Release|ARM
		Release|iPhone = Release|iPhone
		Release|iPhoneSimulator = Release|iPhoneSimulator
		Release|x64 = Release|x64
		Release|x86 = Release|x86
	EndGlobalSection
	GlobalSection(ProjectConfigurationPlatforms) = postSolution
		{1F8CB646-FAC8-4F34-B300-DF7296E2D8ED}.Ad-Hoc|Any CPU.ActiveCfg = Release|Any CPU
		{1F8CB646-FAC8-4F34-B300-DF7296E2D8ED}.Ad-Hoc|Any CPU.Build.0 = Release|Any CPU
		{1F8CB646-FAC8-4F34-B300-DF7296E2D8ED}.Ad-Hoc|Any CPU.Deploy.0 = Release|Any CPU
		{1F8CB646-FAC8-4F34-B300-DF7296E2D8ED}.Ad-Hoc|ARM.ActiveCfg = Release|Any CPU
		{1F8CB646-FAC8-4F34-B300-DF7296E2D8ED}.Ad-Hoc|ARM.Build.0 = Release|Any CPU
		{1F8CB646-FAC8-4F34-B300-DF7296E2D8ED}.Ad-Hoc|ARM.Deploy.0 = Release|Any CPU
		{1F8CB646-FAC8-4F34-B300-DF7296E2D8ED}.Ad-Hoc|iPhone.ActiveCfg = Release|Any CPU
		{1F8CB646-FAC8-4F34-B300-DF7296E2D8ED}.Ad-Hoc|iPhone.Build.0 = Release|Any CPU
		{1F8CB646-FAC8-4F34-B300-DF7296E2D8ED}.Ad-Hoc|iPhone.Deploy.0 = Release|Any CPU
		{1F8CB646-FAC8-4F34-B300-DF7296E2D8ED}.Ad-Hoc|iPhoneSimulator.ActiveCfg = Release|Any CPU
		{1F8CB646-FAC8-4F34-B300-DF7296E2D8ED}.Ad-Hoc|iPhoneSimulator.Build.0 = Release|Any CPU
		{1F8CB646-FAC8-4F34-B300-DF7296E2D8ED}.Ad-Hoc|iPhoneSimulator.Deploy.0 = Release|Any CPU
		{1F8CB646-FAC8-4F34-B300-DF7296E2D8ED}.Ad-Hoc|x64.ActiveCfg = Release|Any CPU
		{1F8CB646-FAC8-4F34-B300-DF7296E2D8ED}.Ad-Hoc|x64.Build.0 = Release|Any CPU
		{1F8CB646-FAC8-4F34-B300-DF7296E2D8ED}.Ad-Hoc|x64.Deploy.0 = Release|Any CPU
		{1F8CB646-FAC8-4F34-B300-DF7296E2D8ED}.Ad-Hoc|x86.ActiveCfg = Release|Any CPU
		{1F8CB646-FAC8-4F34-B300-DF7296E2D8ED}.Ad-Hoc|x86.Build.0 = Release|Any CPU
		{1F8CB646-FAC8-4F34-B300-DF7296E2D8ED}.Ad-Hoc|x86.Deploy.0 = Release|Any CPU
		{1F8CB646-FAC8-4F34-B300-DF7296E2D8ED}.AppStore|Any CPU.ActiveCfg = Release|Any CPU
		{1F8CB646-FAC8-4F34-B300-DF7296E2D8ED}.AppStore|Any CPU.Build.0 = Release|Any CPU
		{1F8CB646-FAC8-4F34-B300-DF7296E2D8ED}.AppStore|Any CPU.Deploy.0 = Release|Any CPU
		{1F8CB646-FAC8-4F34-B300-DF7296E2D8ED}.AppStore|ARM.ActiveCfg = Release|Any CPU
		{1F8CB646-FAC8-4F34-B300-DF7296E2D8ED}.AppStore|ARM.Build.0 = Release|Any CPU
		{1F8CB646-FAC8-4F34-B300-DF7296E2D8ED}.AppStore|ARM.Deploy.0 = Release|Any CPU
		{1F8CB646-FAC8-4F34-B300-DF7296E2D8ED}.AppStore|iPhone.ActiveCfg = Release|Any CPU
		{1F8CB646-FAC8-4F34-B300-DF7296E2D8ED}.AppStore|iPhone.Build.0 = Release|Any CPU
		{1F8CB646-FAC8-4F34-B300-DF7296E2D8ED}.AppStore|iPhone.Deploy.0 = Release|Any CPU
		{1F8CB646-FAC8-4F34-B300-DF7296E2D8ED}.AppStore|iPhoneSimulator.ActiveCfg = Release|Any CPU
		{1F8CB646-FAC8-4F34-B300-DF7296E2D8ED}.AppStore|iPhoneSimulator.Build.0 = Release|Any CPU
		{1F8CB646-FAC8-4F34-B300-DF7296E2D8ED}.AppStore|iPhoneSimulator.Deploy.0 = Release|Any CPU
		{1F8CB646-FAC8-4F34-B300-DF7296E2D8ED}.AppStore|x64.ActiveCfg = Release|Any CPU
		{1F8CB646-FAC8-4F34-B300-DF7296E2D8ED}.AppStore|x64.Build.0 = Release|Any CPU
		{1F8CB646-FAC8-4F34-B300-DF7296E2D8ED}.AppStore|x64.Deploy.0 = Release|Any CPU
		{1F8CB646-FAC8-4F34-B300-DF7296E2D8ED}.AppStore|x86.ActiveCfg = Release|Any CPU
		{1F8CB646-FAC8-4F34-B300-DF7296E2D8ED}.AppStore|x86.Build.0 = Release|Any CPU
		{1F8CB646-FAC8-4F34-B300-DF7296E2D8ED}.AppStore|x86.Deploy.0 = Release|Any CPU
		{1F8CB646-FAC8-4F34-B300-DF7296E2D8ED}.Debug|Any CPU.ActiveCfg = Debug|Any CPU
		{1F8CB646-FAC8-4F34-B300-DF7296E2D8ED}.Debug|Any CPU.Build.0 = Debug|Any CPU
		{1F8CB646-FAC8-4F34-B300-DF7296E2D8ED}.Debug|Any CPU.Deploy.0 = Debug|Any CPU
		{1F8CB646-FAC8-4F34-B300-DF7296E2D8ED}.Debug|ARM.ActiveCfg = Debug|Any CPU
		{1F8CB646-FAC8-4F34-B300-DF7296E2D8ED}.Debug|ARM.Build.0 = Debug|Any CPU
		{1F8CB646-FAC8-4F34-B300-DF7296E2D8ED}.Debug|ARM.Deploy.0 = Debug|Any CPU
		{1F8CB646-FAC8-4F34-B300-DF7296E2D8ED}.Debug|iPhone.ActiveCfg = Debug|Any CPU
		{1F8CB646-FAC8-4F34-B300-DF7296E2D8ED}.Debug|iPhone.Build.0 = Debug|Any CPU
		{1F8CB646-FAC8-4F34-B300-DF7296E2D8ED}.Debug|iPhone.Deploy.0 = Debug|Any CPU
		{1F8CB646-FAC8-4F34-B300-DF7296E2D8ED}.Debug|iPhoneSimulator.ActiveCfg = Debug|Any CPU
		{1F8CB646-FAC8-4F34-B300-DF7296E2D8ED}.Debug|iPhoneSimulator.Build.0 = Debug|Any CPU
		{1F8CB646-FAC8-4F34-B300-DF7296E2D8ED}.Debug|iPhoneSimulator.Deploy.0 = Debug|Any CPU
		{1F8CB646-FAC8-4F34-B300-DF7296E2D8ED}.Debug|x64.ActiveCfg = Debug|Any CPU
		{1F8CB646-FAC8-4F34-B300-DF7296E2D8ED}.Debug|x64.Build.0 = Debug|Any CPU
		{1F8CB646-FAC8-4F34-B300-DF7296E2D8ED}.Debug|x64.Deploy.0 = Debug|Any CPU
		{1F8CB646-FAC8-4F34-B300-DF7296E2D8ED}.Debug|x86.ActiveCfg = Debug|Any CPU
		{1F8CB646-FAC8-4F34-B300-DF7296E2D8ED}.Debug|x86.Build.0 = Debug|Any CPU
		{1F8CB646-FAC8-4F34-B300-DF7296E2D8ED}.Debug|x86.Deploy.0 = Debug|Any CPU
		{1F8CB646-FAC8-4F34-B300-DF7296E2D8ED}.Release|Any CPU.ActiveCfg = Release|Any CPU
		{1F8CB646-FAC8-4F34-B300-DF7296E2D8ED}.Release|Any CPU.Build.0 = Release|Any CPU
		{1F8CB646-FAC8-4F34-B300-DF7296E2D8ED}.Release|Any CPU.Deploy.0 = Release|Any CPU
		{1F8CB646-FAC8-4F34-B300-DF7296E2D8ED}.Release|ARM.ActiveCfg = Release|Any CPU
		{1F8CB646-FAC8-4F34-B300-DF7296E2D8ED}.Release|ARM.Build.0 = Release|Any CPU
		{1F8CB646-FAC8-4F34-B300-DF7296E2D8ED}.Release|ARM.Deploy.0 = Release|Any CPU
		{1F8CB646-FAC8-4F34-B300-DF7296E2D8ED}.Release|iPhone.ActiveCfg = Release|Any CPU
		{1F8CB646-FAC8-4F34-B300-DF7296E2D8ED}.Release|iPhone.Build.0 = Release|Any CPU
		{1F8CB646-FAC8-4F34-B300-DF7296E2D8ED}.Release|iPhone.Deploy.0 = Release|Any CPU
		{1F8CB646-FAC8-4F34-B300-DF7296E2D8ED}.Release|iPhoneSimulator.ActiveCfg = Release|Any CPU
		{1F8CB646-FAC8-4F34-B300-DF7296E2D8ED}.Release|iPhoneSimulator.Build.0 = Release|Any CPU
		{1F8CB646-FAC8-4F34-B300-DF7296E2D8ED}.Release|iPhoneSimulator.Deploy.0 = Release|Any CPU
		{1F8CB646-FAC8-4F34-B300-DF7296E2D8ED}.Release|x64.ActiveCfg = Release|Any CPU
		{1F8CB646-FAC8-4F34-B300-DF7296E2D8ED}.Release|x64.Build.0 = Release|Any CPU
		{1F8CB646-FAC8-4F34-B300-DF7296E2D8ED}.Release|x64.Deploy.0 = Release|Any CPU
		{1F8CB646-FAC8-4F34-B300-DF7296E2D8ED}.Release|x86.ActiveCfg = Release|Any CPU
		{1F8CB646-FAC8-4F34-B300-DF7296E2D8ED}.Release|x86.Build.0 = Release|Any CPU
		{1F8CB646-FAC8-4F34-B300-DF7296E2D8ED}.Release|x86.Deploy.0 = Release|Any CPU
		{E69952A5-2368-438F-AC50-1FFF97EBAFA4}.Ad-Hoc|Any CPU.ActiveCfg = Release|Any CPU
		{E69952A5-2368-438F-AC50-1FFF97EBAFA4}.Ad-Hoc|Any CPU.Build.0 = Release|Any CPU
		{E69952A5-2368-438F-AC50-1FFF97EBAFA4}.Ad-Hoc|ARM.ActiveCfg = Release|Any CPU
		{E69952A5-2368-438F-AC50-1FFF97EBAFA4}.Ad-Hoc|ARM.Build.0 = Release|Any CPU
		{E69952A5-2368-438F-AC50-1FFF97EBAFA4}.Ad-Hoc|iPhone.ActiveCfg = Release|Any CPU
		{E69952A5-2368-438F-AC50-1FFF97EBAFA4}.Ad-Hoc|iPhone.Build.0 = Release|Any CPU
		{E69952A5-2368-438F-AC50-1FFF97EBAFA4}.Ad-Hoc|iPhoneSimulator.ActiveCfg = Release|Any CPU
		{E69952A5-2368-438F-AC50-1FFF97EBAFA4}.Ad-Hoc|iPhoneSimulator.Build.0 = Release|Any CPU
		{E69952A5-2368-438F-AC50-1FFF97EBAFA4}.Ad-Hoc|x64.ActiveCfg = Release|Any CPU
		{E69952A5-2368-438F-AC50-1FFF97EBAFA4}.Ad-Hoc|x64.Build.0 = Release|Any CPU
		{E69952A5-2368-438F-AC50-1FFF97EBAFA4}.Ad-Hoc|x86.ActiveCfg = Release|Any CPU
		{E69952A5-2368-438F-AC50-1FFF97EBAFA4}.Ad-Hoc|x86.Build.0 = Release|Any CPU
		{E69952A5-2368-438F-AC50-1FFF97EBAFA4}.AppStore|Any CPU.ActiveCfg = Release|Any CPU
		{E69952A5-2368-438F-AC50-1FFF97EBAFA4}.AppStore|Any CPU.Build.0 = Release|Any CPU
		{E69952A5-2368-438F-AC50-1FFF97EBAFA4}.AppStore|ARM.ActiveCfg = Release|Any CPU
		{E69952A5-2368-438F-AC50-1FFF97EBAFA4}.AppStore|ARM.Build.0 = Release|Any CPU
		{E69952A5-2368-438F-AC50-1FFF97EBAFA4}.AppStore|iPhone.ActiveCfg = Release|Any CPU
		{E69952A5-2368-438F-AC50-1FFF97EBAFA4}.AppStore|iPhone.Build.0 = Release|Any CPU
		{E69952A5-2368-438F-AC50-1FFF97EBAFA4}.AppStore|iPhoneSimulator.ActiveCfg = Release|Any CPU
		{E69952A5-2368-438F-AC50-1FFF97EBAFA4}.AppStore|iPhoneSimulator.Build.0 = Release|Any CPU
		{E69952A5-2368-438F-AC50-1FFF97EBAFA4}.AppStore|x64.ActiveCfg = Release|Any CPU
		{E69952A5-2368-438F-AC50-1FFF97EBAFA4}.AppStore|x64.Build.0 = Release|Any CPU
		{E69952A5-2368-438F-AC50-1FFF97EBAFA4}.AppStore|x86.ActiveCfg = Release|Any CPU
		{E69952A5-2368-438F-AC50-1FFF97EBAFA4}.AppStore|x86.Build.0 = Release|Any CPU
		{E69952A5-2368-438F-AC50-1FFF97EBAFA4}.Debug|Any CPU.ActiveCfg = Debug|Any CPU
		{E69952A5-2368-438F-AC50-1FFF97EBAFA4}.Debug|Any CPU.Build.0 = Debug|Any CPU
		{E69952A5-2368-438F-AC50-1FFF97EBAFA4}.Debug|ARM.ActiveCfg = Debug|Any CPU
		{E69952A5-2368-438F-AC50-1FFF97EBAFA4}.Debug|ARM.Build.0 = Debug|Any CPU
		{E69952A5-2368-438F-AC50-1FFF97EBAFA4}.Debug|iPhone.ActiveCfg = Debug|Any CPU
		{E69952A5-2368-438F-AC50-1FFF97EBAFA4}.Debug|iPhone.Build.0 = Debug|Any CPU
		{E69952A5-2368-438F-AC50-1FFF97EBAFA4}.Debug|iPhoneSimulator.ActiveCfg = Debug|Any CPU
		{E69952A5-2368-438F-AC50-1FFF97EBAFA4}.Debug|iPhoneSimulator.Build.0 = Debug|Any CPU
		{E69952A5-2368-438F-AC50-1FFF97EBAFA4}.Debug|x64.ActiveCfg = Debug|Any CPU
		{E69952A5-2368-438F-AC50-1FFF97EBAFA4}.Debug|x64.Build.0 = Debug|Any CPU
		{E69952A5-2368-438F-AC50-1FFF97EBAFA4}.Debug|x86.ActiveCfg = Debug|Any CPU
		{E69952A5-2368-438F-AC50-1FFF97EBAFA4}.Debug|x86.Build.0 = Debug|Any CPU
		{E69952A5-2368-438F-AC50-1FFF97EBAFA4}.Release|Any CPU.ActiveCfg = Release|Any CPU
		{E69952A5-2368-438F-AC50-1FFF97EBAFA4}.Release|Any CPU.Build.0 = Release|Any CPU
		{E69952A5-2368-438F-AC50-1FFF97EBAFA4}.Release|ARM.ActiveCfg = Release|Any CPU
		{E69952A5-2368-438F-AC50-1FFF97EBAFA4}.Release|ARM.Build.0 = Release|Any CPU
		{E69952A5-2368-438F-AC50-1FFF97EBAFA4}.Release|iPhone.ActiveCfg = Release|Any CPU
		{E69952A5-2368-438F-AC50-1FFF97EBAFA4}.Release|iPhone.Build.0 = Release|Any CPU
		{E69952A5-2368-438F-AC50-1FFF97EBAFA4}.Release|iPhoneSimulator.ActiveCfg = Release|Any CPU
		{E69952A5-2368-438F-AC50-1FFF97EBAFA4}.Release|iPhoneSimulator.Build.0 = Release|Any CPU
		{E69952A5-2368-438F-AC50-1FFF97EBAFA4}.Release|x64.ActiveCfg = Release|Any CPU
		{E69952A5-2368-438F-AC50-1FFF97EBAFA4}.Release|x64.Build.0 = Release|Any CPU
		{E69952A5-2368-438F-AC50-1FFF97EBAFA4}.Release|x86.ActiveCfg = Release|Any CPU
		{E69952A5-2368-438F-AC50-1FFF97EBAFA4}.Release|x86.Build.0 = Release|Any CPU
		{3A675F7B-69C3-4D6D-8526-9C705CF0C8AD}.Ad-Hoc|Any CPU.ActiveCfg = Release|x86
		{3A675F7B-69C3-4D6D-8526-9C705CF0C8AD}.Ad-Hoc|Any CPU.Build.0 = Release|x86
		{3A675F7B-69C3-4D6D-8526-9C705CF0C8AD}.Ad-Hoc|Any CPU.Deploy.0 = Release|x86
		{3A675F7B-69C3-4D6D-8526-9C705CF0C8AD}.Ad-Hoc|ARM.ActiveCfg = Release|ARM
		{3A675F7B-69C3-4D6D-8526-9C705CF0C8AD}.Ad-Hoc|ARM.Build.0 = Release|ARM
		{3A675F7B-69C3-4D6D-8526-9C705CF0C8AD}.Ad-Hoc|ARM.Deploy.0 = Release|ARM
		{3A675F7B-69C3-4D6D-8526-9C705CF0C8AD}.Ad-Hoc|iPhone.ActiveCfg = Release|x86
		{3A675F7B-69C3-4D6D-8526-9C705CF0C8AD}.Ad-Hoc|iPhone.Build.0 = Release|x86
		{3A675F7B-69C3-4D6D-8526-9C705CF0C8AD}.Ad-Hoc|iPhone.Deploy.0 = Release|x86
		{3A675F7B-69C3-4D6D-8526-9C705CF0C8AD}.Ad-Hoc|iPhoneSimulator.ActiveCfg = Release|x86
		{3A675F7B-69C3-4D6D-8526-9C705CF0C8AD}.Ad-Hoc|iPhoneSimulator.Build.0 = Release|x86
		{3A675F7B-69C3-4D6D-8526-9C705CF0C8AD}.Ad-Hoc|iPhoneSimulator.Deploy.0 = Release|x86
		{3A675F7B-69C3-4D6D-8526-9C705CF0C8AD}.Ad-Hoc|x64.ActiveCfg = Release|x64
		{3A675F7B-69C3-4D6D-8526-9C705CF0C8AD}.Ad-Hoc|x64.Build.0 = Release|x64
		{3A675F7B-69C3-4D6D-8526-9C705CF0C8AD}.Ad-Hoc|x64.Deploy.0 = Release|x64
		{3A675F7B-69C3-4D6D-8526-9C705CF0C8AD}.Ad-Hoc|x86.ActiveCfg = Release|x86
		{3A675F7B-69C3-4D6D-8526-9C705CF0C8AD}.Ad-Hoc|x86.Build.0 = Release|x86
		{3A675F7B-69C3-4D6D-8526-9C705CF0C8AD}.Ad-Hoc|x86.Deploy.0 = Release|x86
		{3A675F7B-69C3-4D6D-8526-9C705CF0C8AD}.AppStore|Any CPU.ActiveCfg = Release|x86
		{3A675F7B-69C3-4D6D-8526-9C705CF0C8AD}.AppStore|Any CPU.Build.0 = Release|x86
		{3A675F7B-69C3-4D6D-8526-9C705CF0C8AD}.AppStore|Any CPU.Deploy.0 = Release|x86
		{3A675F7B-69C3-4D6D-8526-9C705CF0C8AD}.AppStore|ARM.ActiveCfg = Release|ARM
		{3A675F7B-69C3-4D6D-8526-9C705CF0C8AD}.AppStore|ARM.Build.0 = Release|ARM
		{3A675F7B-69C3-4D6D-8526-9C705CF0C8AD}.AppStore|ARM.Deploy.0 = Release|ARM
		{3A675F7B-69C3-4D6D-8526-9C705CF0C8AD}.AppStore|iPhone.ActiveCfg = Release|x86
		{3A675F7B-69C3-4D6D-8526-9C705CF0C8AD}.AppStore|iPhone.Build.0 = Release|x86
		{3A675F7B-69C3-4D6D-8526-9C705CF0C8AD}.AppStore|iPhone.Deploy.0 = Release|x86
		{3A675F7B-69C3-4D6D-8526-9C705CF0C8AD}.AppStore|iPhoneSimulator.ActiveCfg = Release|x86
		{3A675F7B-69C3-4D6D-8526-9C705CF0C8AD}.AppStore|iPhoneSimulator.Build.0 = Release|x86
		{3A675F7B-69C3-4D6D-8526-9C705CF0C8AD}.AppStore|iPhoneSimulator.Deploy.0 = Release|x86
		{3A675F7B-69C3-4D6D-8526-9C705CF0C8AD}.AppStore|x64.ActiveCfg = Release|x64
		{3A675F7B-69C3-4D6D-8526-9C705CF0C8AD}.AppStore|x64.Build.0 = Release|x64
		{3A675F7B-69C3-4D6D-8526-9C705CF0C8AD}.AppStore|x64.Deploy.0 = Release|x64
		{3A675F7B-69C3-4D6D-8526-9C705CF0C8AD}.AppStore|x86.ActiveCfg = Release|x86
		{3A675F7B-69C3-4D6D-8526-9C705CF0C8AD}.AppStore|x86.Build.0 = Release|x86
		{3A675F7B-69C3-4D6D-8526-9C705CF0C8AD}.AppStore|x86.Deploy.0 = Release|x86
		{3A675F7B-69C3-4D6D-8526-9C705CF0C8AD}.Debug|Any CPU.ActiveCfg = Debug|x86
		{3A675F7B-69C3-4D6D-8526-9C705CF0C8AD}.Debug|ARM.ActiveCfg = Debug|ARM
		{3A675F7B-69C3-4D6D-8526-9C705CF0C8AD}.Debug|ARM.Build.0 = Debug|ARM
		{3A675F7B-69C3-4D6D-8526-9C705CF0C8AD}.Debug|ARM.Deploy.0 = Debug|ARM
		{3A675F7B-69C3-4D6D-8526-9C705CF0C8AD}.Debug|iPhone.ActiveCfg = Debug|x86
		{3A675F7B-69C3-4D6D-8526-9C705CF0C8AD}.Debug|iPhoneSimulator.ActiveCfg = Debug|x86
		{3A675F7B-69C3-4D6D-8526-9C705CF0C8AD}.Debug|x64.ActiveCfg = Debug|x64
		{3A675F7B-69C3-4D6D-8526-9C705CF0C8AD}.Debug|x64.Build.0 = Debug|x64
		{3A675F7B-69C3-4D6D-8526-9C705CF0C8AD}.Debug|x64.Deploy.0 = Debug|x64
		{3A675F7B-69C3-4D6D-8526-9C705CF0C8AD}.Debug|x86.ActiveCfg = Debug|x86
		{3A675F7B-69C3-4D6D-8526-9C705CF0C8AD}.Debug|x86.Build.0 = Debug|x86
		{3A675F7B-69C3-4D6D-8526-9C705CF0C8AD}.Debug|x86.Deploy.0 = Debug|x86
		{3A675F7B-69C3-4D6D-8526-9C705CF0C8AD}.Release|Any CPU.ActiveCfg = Release|x86
		{3A675F7B-69C3-4D6D-8526-9C705CF0C8AD}.Release|ARM.ActiveCfg = Release|ARM
		{3A675F7B-69C3-4D6D-8526-9C705CF0C8AD}.Release|ARM.Build.0 = Release|ARM
		{3A675F7B-69C3-4D6D-8526-9C705CF0C8AD}.Release|ARM.Deploy.0 = Release|ARM
		{3A675F7B-69C3-4D6D-8526-9C705CF0C8AD}.Release|iPhone.ActiveCfg = Release|x86
		{3A675F7B-69C3-4D6D-8526-9C705CF0C8AD}.Release|iPhoneSimulator.ActiveCfg = Release|x86
		{3A675F7B-69C3-4D6D-8526-9C705CF0C8AD}.Release|x64.ActiveCfg = Release|x64
		{3A675F7B-69C3-4D6D-8526-9C705CF0C8AD}.Release|x64.Build.0 = Release|x64
		{3A675F7B-69C3-4D6D-8526-9C705CF0C8AD}.Release|x64.Deploy.0 = Release|x64
		{3A675F7B-69C3-4D6D-8526-9C705CF0C8AD}.Release|x86.ActiveCfg = Release|x86
		{3A675F7B-69C3-4D6D-8526-9C705CF0C8AD}.Release|x86.Build.0 = Release|x86
		{3A675F7B-69C3-4D6D-8526-9C705CF0C8AD}.Release|x86.Deploy.0 = Release|x86
		{B5DD3956-38D0-4243-8D8F-93676409473D}.Ad-Hoc|Any CPU.ActiveCfg = Ad-Hoc|iPhone
		{B5DD3956-38D0-4243-8D8F-93676409473D}.Ad-Hoc|ARM.ActiveCfg = Ad-Hoc|iPhone
		{B5DD3956-38D0-4243-8D8F-93676409473D}.Ad-Hoc|iPhone.ActiveCfg = Ad-Hoc|iPhone
		{B5DD3956-38D0-4243-8D8F-93676409473D}.Ad-Hoc|iPhone.Build.0 = Ad-Hoc|iPhone
		{B5DD3956-38D0-4243-8D8F-93676409473D}.Ad-Hoc|iPhoneSimulator.ActiveCfg = Ad-Hoc|iPhoneSimulator
		{B5DD3956-38D0-4243-8D8F-93676409473D}.Ad-Hoc|iPhoneSimulator.Build.0 = Ad-Hoc|iPhoneSimulator
		{B5DD3956-38D0-4243-8D8F-93676409473D}.Ad-Hoc|x64.ActiveCfg = Ad-Hoc|iPhone
		{B5DD3956-38D0-4243-8D8F-93676409473D}.Ad-Hoc|x86.ActiveCfg = Ad-Hoc|iPhone
		{B5DD3956-38D0-4243-8D8F-93676409473D}.AppStore|Any CPU.ActiveCfg = AppStore|iPhone
		{B5DD3956-38D0-4243-8D8F-93676409473D}.AppStore|ARM.ActiveCfg = AppStore|iPhone
		{B5DD3956-38D0-4243-8D8F-93676409473D}.AppStore|iPhone.ActiveCfg = AppStore|iPhone
		{B5DD3956-38D0-4243-8D8F-93676409473D}.AppStore|iPhone.Build.0 = AppStore|iPhone
		{B5DD3956-38D0-4243-8D8F-93676409473D}.AppStore|iPhoneSimulator.ActiveCfg = AppStore|iPhoneSimulator
		{B5DD3956-38D0-4243-8D8F-93676409473D}.AppStore|iPhoneSimulator.Build.0 = AppStore|iPhoneSimulator
		{B5DD3956-38D0-4243-8D8F-93676409473D}.AppStore|x64.ActiveCfg = AppStore|iPhone
		{B5DD3956-38D0-4243-8D8F-93676409473D}.AppStore|x86.ActiveCfg = AppStore|iPhone
		{B5DD3956-38D0-4243-8D8F-93676409473D}.Debug|Any CPU.ActiveCfg = Debug|iPhone
		{B5DD3956-38D0-4243-8D8F-93676409473D}.Debug|ARM.ActiveCfg = Debug|iPhone
		{B5DD3956-38D0-4243-8D8F-93676409473D}.Debug|iPhone.ActiveCfg = Debug|iPhone
		{B5DD3956-38D0-4243-8D8F-93676409473D}.Debug|iPhone.Build.0 = Debug|iPhone
		{B5DD3956-38D0-4243-8D8F-93676409473D}.Debug|iPhoneSimulator.ActiveCfg = Debug|iPhoneSimulator
		{B5DD3956-38D0-4243-8D8F-93676409473D}.Debug|iPhoneSimulator.Build.0 = Debug|iPhoneSimulator
		{B5DD3956-38D0-4243-8D8F-93676409473D}.Debug|x64.ActiveCfg = Debug|iPhone
		{B5DD3956-38D0-4243-8D8F-93676409473D}.Debug|x86.ActiveCfg = Debug|iPhone
		{B5DD3956-38D0-4243-8D8F-93676409473D}.Release|Any CPU.ActiveCfg = Release|iPhone
		{B5DD3956-38D0-4243-8D8F-93676409473D}.Release|ARM.ActiveCfg = Release|iPhone
		{B5DD3956-38D0-4243-8D8F-93676409473D}.Release|iPhone.ActiveCfg = Release|iPhone
		{B5DD3956-38D0-4243-8D8F-93676409473D}.Release|iPhone.Build.0 = Release|iPhone
		{B5DD3956-38D0-4243-8D8F-93676409473D}.Release|iPhoneSimulator.ActiveCfg = Release|iPhoneSimulator
		{B5DD3956-38D0-4243-8D8F-93676409473D}.Release|iPhoneSimulator.Build.0 = Release|iPhoneSimulator
		{B5DD3956-38D0-4243-8D8F-93676409473D}.Release|x64.ActiveCfg = Release|iPhone
		{B5DD3956-38D0-4243-8D8F-93676409473D}.Release|x86.ActiveCfg = Release|iPhone
	EndGlobalSection
	GlobalSection(SolutionProperties) = preSolution
		HideSolutionNode = FALSE
	EndGlobalSection
	GlobalSection(ExtensibilityGlobals) = postSolution
		SolutionGuid = {4916B60B-977D-439D-89E1-DDCC064941E5}
	EndGlobalSection
EndGlobal
