
Microsoft Visual Studio Solution File, Format Version 12.00
# Visual Studio 15
VisualStudioVersion = 15.0.26730.12
MinimumVisualStudioVersion = 10.0.40219.1
Project("{FAE04EC0-301F-11D3-BF4B-00C04F79EFBC}") = "Projeto02.Android", "Projeto02\Projeto02.Android\Projeto02.Android.csproj", "{07E0B35A-A9E9-41EA-8C50-96F6C25CC091}"
EndProject
Project("{FAE04EC0-301F-11D3-BF4B-00C04F79EFBC}") = "Projeto02", "Projeto02\Projeto02\Projeto02.csproj", "{50F0A50C-477F-4D82-AA5D-B9BAD63CEBD6}"
EndProject
Project("{FAE04EC0-301F-11D3-BF4B-00C04F79EFBC}") = "Projeto02.UWP", "Projeto02\Projeto02.UWP\Projeto02.UWP.csproj", "{D13230B6-EA26-4F90-938B-5B98A9C2B4F0}"
EndProject
Project("{FAE04EC0-301F-11D3-BF4B-00C04F79EFBC}") = "Projeto02.iOS", "Projeto02\Projeto02.iOS\Projeto02.iOS.csproj", "{B0BCC2BD-4FB0-4D65-9A87-9257258938A0}"
EndProject
Global
	GlobalSection(SolutionConfigurationPlatforms) = preSolution
		Ad-Hoc|Any CPU = Ad-Hoc|Any CPU
		Ad-Hoc|ARM = Ad-Hoc|ARM
		Ad-Hoc|iPhone = Ad-Hoc|iPhone
		Ad-Hoc|iPhoneSimulator = Ad-Hoc|iPhoneSimulator
		Ad-Hoc|x64 = Ad-Hoc|x64
		Ad-Hoc|x86 = Ad-Hoc|x86
		AppStore|Any CPU = AppStore|Any CPU
		AppStore|ARM = AppStore|ARM
		AppStore|iPhone = AppStore|iPhone
		AppStore|iPhoneSimulator = AppStore|iPhoneSimulator
		AppStore|x64 = AppStore|x64
		AppStore|x86 = AppStore|x86
		Debug|Any CPU = Debug|Any CPU
		Debug|ARM = Debug|ARM
		Debug|iPhone = Debug|iPhone
		Debug|iPhoneSimulator = Debug|iPhoneSimulator
		Debug|x64 = Debug|x64
		Debug|x86 = Debug|x86
		Release|Any CPU = Release|Any CPU
		Release|ARM = Release|ARM
		Release|iPhone = Release|iPhone
		Release|iPhoneSimulator = Release|iPhoneSimulator
		Release|x64 = Release|x64
		Release|x86 = Release|x86
	EndGlobalSection
	GlobalSection(ProjectConfigurationPlatforms) = postSolution
		{07E0B35A-A9E9-41EA-8C50-96F6C25CC091}.Ad-Hoc|Any CPU.ActiveCfg = Release|Any CPU
		{07E0B35A-A9E9-41EA-8C50-96F6C25CC091}.Ad-Hoc|Any CPU.Build.0 = Release|Any CPU
		{07E0B35A-A9E9-41EA-8C50-96F6C25CC091}.Ad-Hoc|Any CPU.Deploy.0 = Release|Any CPU
		{07E0B35A-A9E9-41EA-8C50-96F6C25CC091}.Ad-Hoc|ARM.ActiveCfg = Release|Any CPU
		{07E0B35A-A9E9-41EA-8C50-96F6C25CC091}.Ad-Hoc|ARM.Build.0 = Release|Any CPU
		{07E0B35A-A9E9-41EA-8C50-96F6C25CC091}.Ad-Hoc|ARM.Deploy.0 = Release|Any CPU
		{07E0B35A-A9E9-41EA-8C50-96F6C25CC091}.Ad-Hoc|iPhone.ActiveCfg = Release|Any CPU
		{07E0B35A-A9E9-41EA-8C50-96F6C25CC091}.Ad-Hoc|iPhone.Build.0 = Release|Any CPU
		{07E0B35A-A9E9-41EA-8C50-96F6C25CC091}.Ad-Hoc|iPhone.Deploy.0 = Release|Any CPU
		{07E0B35A-A9E9-41EA-8C50-96F6C25CC091}.Ad-Hoc|iPhoneSimulator.ActiveCfg = Release|Any CPU
		{07E0B35A-A9E9-41EA-8C50-96F6C25CC091}.Ad-Hoc|iPhoneSimulator.Build.0 = Release|Any CPU
		{07E0B35A-A9E9-41EA-8C50-96F6C25CC091}.Ad-Hoc|iPhoneSimulator.Deploy.0 = Release|Any CPU
		{07E0B35A-A9E9-41EA-8C50-96F6C25CC091}.Ad-Hoc|x64.ActiveCfg = Release|Any CPU
		{07E0B35A-A9E9-41EA-8C50-96F6C25CC091}.Ad-Hoc|x64.Build.0 = Release|Any CPU
		{07E0B35A-A9E9-41EA-8C50-96F6C25CC091}.Ad-Hoc|x64.Deploy.0 = Release|Any CPU
		{07E0B35A-A9E9-41EA-8C50-96F6C25CC091}.Ad-Hoc|x86.ActiveCfg = Release|Any CPU
		{07E0B35A-A9E9-41EA-8C50-96F6C25CC091}.Ad-Hoc|x86.Build.0 = Release|Any CPU
		{07E0B35A-A9E9-41EA-8C50-96F6C25CC091}.Ad-Hoc|x86.Deploy.0 = Release|Any CPU
		{07E0B35A-A9E9-41EA-8C50-96F6C25CC091}.AppStore|Any CPU.ActiveCfg = Release|Any CPU
		{07E0B35A-A9E9-41EA-8C50-96F6C25CC091}.AppStore|Any CPU.Build.0 = Release|Any CPU
		{07E0B35A-A9E9-41EA-8C50-96F6C25CC091}.AppStore|Any CPU.Deploy.0 = Release|Any CPU
		{07E0B35A-A9E9-41EA-8C50-96F6C25CC091}.AppStore|ARM.ActiveCfg = Release|Any CPU
		{07E0B35A-A9E9-41EA-8C50-96F6C25CC091}.AppStore|ARM.Build.0 = Release|Any CPU
		{07E0B35A-A9E9-41EA-8C50-96F6C25CC091}.AppStore|ARM.Deploy.0 = Release|Any CPU
		{07E0B35A-A9E9-41EA-8C50-96F6C25CC091}.AppStore|iPhone.ActiveCfg = Release|Any CPU
		{07E0B35A-A9E9-41EA-8C50-96F6C25CC091}.AppStore|iPhone.Build.0 = Release|Any CPU
		{07E0B35A-A9E9-41EA-8C50-96F6C25CC091}.AppStore|iPhone.Deploy.0 = Release|Any CPU
		{07E0B35A-A9E9-41EA-8C50-96F6C25CC091}.AppStore|iPhoneSimulator.ActiveCfg = Release|Any CPU
		{07E0B35A-A9E9-41EA-8C50-96F6C25CC091}.AppStore|iPhoneSimulator.Build.0 = Release|Any CPU
		{07E0B35A-A9E9-41EA-8C50-96F6C25CC091}.AppStore|iPhoneSimulator.Deploy.0 = Release|Any CPU
		{07E0B35A-A9E9-41EA-8C50-96F6C25CC091}.AppStore|x64.ActiveCfg = Release|Any CPU
		{07E0B35A-A9E9-41EA-8C50-96F6C25CC091}.AppStore|x64.Build.0 = Release|Any CPU
		{07E0B35A-A9E9-41EA-8C50-96F6C25CC091}.AppStore|x64.Deploy.0 = Release|Any CPU
		{07E0B35A-A9E9-41EA-8C50-96F6C25CC091}.AppStore|x86.ActiveCfg = Release|Any CPU
		{07E0B35A-A9E9-41EA-8C50-96F6C25CC091}.AppStore|x86.Build.0 = Release|Any CPU
		{07E0B35A-A9E9-41EA-8C50-96F6C25CC091}.AppStore|x86.Deploy.0 = Release|Any CPU
		{07E0B35A-A9E9-41EA-8C50-96F6C25CC091}.Debug|Any CPU.ActiveCfg = Debug|Any CPU
		{07E0B35A-A9E9-41EA-8C50-96F6C25CC091}.Debug|Any CPU.Build.0 = Debug|Any CPU
		{07E0B35A-A9E9-41EA-8C50-96F6C25CC091}.Debug|Any CPU.Deploy.0 = Debug|Any CPU
		{07E0B35A-A9E9-41EA-8C50-96F6C25CC091}.Debug|ARM.ActiveCfg = Debug|Any CPU
		{07E0B35A-A9E9-41EA-8C50-96F6C25CC091}.Debug|ARM.Build.0 = Debug|Any CPU
		{07E0B35A-A9E9-41EA-8C50-96F6C25CC091}.Debug|ARM.Deploy.0 = Debug|Any CPU
		{07E0B35A-A9E9-41EA-8C50-96F6C25CC091}.Debug|iPhone.ActiveCfg = Debug|Any CPU
		{07E0B35A-A9E9-41EA-8C50-96F6C25CC091}.Debug|iPhone.Build.0 = Debug|Any CPU
		{07E0B35A-A9E9-41EA-8C50-96F6C25CC091}.Debug|iPhone.Deploy.0 = Debug|Any CPU
		{07E0B35A-A9E9-41EA-8C50-96F6C25CC091}.Debug|iPhoneSimulator.ActiveCfg = Debug|Any CPU
		{07E0B35A-A9E9-41EA-8C50-96F6C25CC091}.Debug|iPhoneSimulator.Build.0 = Debug|Any CPU
		{07E0B35A-A9E9-41EA-8C50-96F6C25CC091}.Debug|iPhoneSimulator.Deploy.0 = Debug|Any CPU
		{07E0B35A-A9E9-41EA-8C50-96F6C25CC091}.Debug|x64.ActiveCfg = Debug|Any CPU
		{07E0B35A-A9E9-41EA-8C50-96F6C25CC091}.Debug|x64.Build.0 = Debug|Any CPU
		{07E0B35A-A9E9-41EA-8C50-96F6C25CC091}.Debug|x64.Deploy.0 = Debug|Any CPU
		{07E0B35A-A9E9-41EA-8C50-96F6C25CC091}.Debug|x86.ActiveCfg = Debug|Any CPU
		{07E0B35A-A9E9-41EA-8C50-96F6C25CC091}.Debug|x86.Build.0 = Debug|Any CPU
		{07E0B35A-A9E9-41EA-8C50-96F6C25CC091}.Debug|x86.Deploy.0 = Debug|Any CPU
		{07E0B35A-A9E9-41EA-8C50-96F6C25CC091}.Release|Any CPU.ActiveCfg = Release|Any CPU
		{07E0B35A-A9E9-41EA-8C50-96F6C25CC091}.Release|Any CPU.Build.0 = Release|Any CPU
		{07E0B35A-A9E9-41EA-8C50-96F6C25CC091}.Release|Any CPU.Deploy.0 = Release|Any CPU
		{07E0B35A-A9E9-41EA-8C50-96F6C25CC091}.Release|ARM.ActiveCfg = Release|Any CPU
		{07E0B35A-A9E9-41EA-8C50-96F6C25CC091}.Release|ARM.Build.0 = Release|Any CPU
		{07E0B35A-A9E9-41EA-8C50-96F6C25CC091}.Release|ARM.Deploy.0 = Release|Any CPU
		{07E0B35A-A9E9-41EA-8C50-96F6C25CC091}.Release|iPhone.ActiveCfg = Release|Any CPU
		{07E0B35A-A9E9-41EA-8C50-96F6C25CC091}.Release|iPhone.Build.0 = Release|Any CPU
		{07E0B35A-A9E9-41EA-8C50-96F6C25CC091}.Release|iPhone.Deploy.0 = Release|Any CPU
		{07E0B35A-A9E9-41EA-8C50-96F6C25CC091}.Release|iPhoneSimulator.ActiveCfg = Release|Any CPU
		{07E0B35A-A9E9-41EA-8C50-96F6C25CC091}.Release|iPhoneSimulator.Build.0 = Release|Any CPU
		{07E0B35A-A9E9-41EA-8C50-96F6C25CC091}.Release|iPhoneSimulator.Deploy.0 = Release|Any CPU
		{07E0B35A-A9E9-41EA-8C50-96F6C25CC091}.Release|x64.ActiveCfg = Release|Any CPU
		{07E0B35A-A9E9-41EA-8C50-96F6C25CC091}.Release|x64.Build.0 = Release|Any CPU
		{07E0B35A-A9E9-41EA-8C50-96F6C25CC091}.Release|x64.Deploy.0 = Release|Any CPU
		{07E0B35A-A9E9-41EA-8C50-96F6C25CC091}.Release|x86.ActiveCfg = Release|Any CPU
		{07E0B35A-A9E9-41EA-8C50-96F6C25CC091}.Release|x86.Build.0 = Release|Any CPU
		{07E0B35A-A9E9-41EA-8C50-96F6C25CC091}.Release|x86.Deploy.0 = Release|Any CPU
		{50F0A50C-477F-4D82-AA5D-B9BAD63CEBD6}.Ad-Hoc|Any CPU.ActiveCfg = Release|Any CPU
		{50F0A50C-477F-4D82-AA5D-B9BAD63CEBD6}.Ad-Hoc|Any CPU.Build.0 = Release|Any CPU
		{50F0A50C-477F-4D82-AA5D-B9BAD63CEBD6}.Ad-Hoc|ARM.ActiveCfg = Release|Any CPU
		{50F0A50C-477F-4D82-AA5D-B9BAD63CEBD6}.Ad-Hoc|ARM.Build.0 = Release|Any CPU
		{50F0A50C-477F-4D82-AA5D-B9BAD63CEBD6}.Ad-Hoc|iPhone.ActiveCfg = Release|Any CPU
		{50F0A50C-477F-4D82-AA5D-B9BAD63CEBD6}.Ad-Hoc|iPhone.Build.0 = Release|Any CPU
		{50F0A50C-477F-4D82-AA5D-B9BAD63CEBD6}.Ad-Hoc|iPhoneSimulator.ActiveCfg = Release|Any CPU
		{50F0A50C-477F-4D82-AA5D-B9BAD63CEBD6}.Ad-Hoc|iPhoneSimulator.Build.0 = Release|Any CPU
		{50F0A50C-477F-4D82-AA5D-B9BAD63CEBD6}.Ad-Hoc|x64.ActiveCfg = Release|Any CPU
		{50F0A50C-477F-4D82-AA5D-B9BAD63CEBD6}.Ad-Hoc|x64.Build.0 = Release|Any CPU
		{50F0A50C-477F-4D82-AA5D-B9BAD63CEBD6}.Ad-Hoc|x86.ActiveCfg = Release|Any CPU
		{50F0A50C-477F-4D82-AA5D-B9BAD63CEBD6}.Ad-Hoc|x86.Build.0 = Release|Any CPU
		{50F0A50C-477F-4D82-AA5D-B9BAD63CEBD6}.AppStore|Any CPU.ActiveCfg = Release|Any CPU
		{50F0A50C-477F-4D82-AA5D-B9BAD63CEBD6}.AppStore|Any CPU.Build.0 = Release|Any CPU
		{50F0A50C-477F-4D82-AA5D-B9BAD63CEBD6}.AppStore|ARM.ActiveCfg = Release|Any CPU
		{50F0A50C-477F-4D82-AA5D-B9BAD63CEBD6}.AppStore|ARM.Build.0 = Release|Any CPU
		{50F0A50C-477F-4D82-AA5D-B9BAD63CEBD6}.AppStore|iPhone.ActiveCfg = Release|Any CPU
		{50F0A50C-477F-4D82-AA5D-B9BAD63CEBD6}.AppStore|iPhone.Build.0 = Release|Any CPU
		{50F0A50C-477F-4D82-AA5D-B9BAD63CEBD6}.AppStore|iPhoneSimulator.ActiveCfg = Release|Any CPU
		{50F0A50C-477F-4D82-AA5D-B9BAD63CEBD6}.AppStore|iPhoneSimulator.Build.0 = Release|Any CPU
		{50F0A50C-477F-4D82-AA5D-B9BAD63CEBD6}.AppStore|x64.ActiveCfg = Release|Any CPU
		{50F0A50C-477F-4D82-AA5D-B9BAD63CEBD6}.AppStore|x64.Build.0 = Release|Any CPU
		{50F0A50C-477F-4D82-AA5D-B9BAD63CEBD6}.AppStore|x86.ActiveCfg = Release|Any CPU
		{50F0A50C-477F-4D82-AA5D-B9BAD63CEBD6}.AppStore|x86.Build.0 = Release|Any CPU
		{50F0A50C-477F-4D82-AA5D-B9BAD63CEBD6}.Debug|Any CPU.ActiveCfg = Debug|Any CPU
		{50F0A50C-477F-4D82-AA5D-B9BAD63CEBD6}.Debug|Any CPU.Build.0 = Debug|Any CPU
		{50F0A50C-477F-4D82-AA5D-B9BAD63CEBD6}.Debug|ARM.ActiveCfg = Debug|Any CPU
		{50F0A50C-477F-4D82-AA5D-B9BAD63CEBD6}.Debug|ARM.Build.0 = Debug|Any CPU
		{50F0A50C-477F-4D82-AA5D-B9BAD63CEBD6}.Debug|iPhone.ActiveCfg = Debug|Any CPU
		{50F0A50C-477F-4D82-AA5D-B9BAD63CEBD6}.Debug|iPhone.Build.0 = Debug|Any CPU
		{50F0A50C-477F-4D82-AA5D-B9BAD63CEBD6}.Debug|iPhoneSimulator.ActiveCfg = Debug|Any CPU
		{50F0A50C-477F-4D82-AA5D-B9BAD63CEBD6}.Debug|iPhoneSimulator.Build.0 = Debug|Any CPU
		{50F0A50C-477F-4D82-AA5D-B9BAD63CEBD6}.Debug|x64.ActiveCfg = Debug|Any CPU
		{50F0A50C-477F-4D82-AA5D-B9BAD63CEBD6}.Debug|x64.Build.0 = Debug|Any CPU
		{50F0A50C-477F-4D82-AA5D-B9BAD63CEBD6}.Debug|x86.ActiveCfg = Debug|Any CPU
		{50F0A50C-477F-4D82-AA5D-B9BAD63CEBD6}.Debug|x86.Build.0 = Debug|Any CPU
		{50F0A50C-477F-4D82-AA5D-B9BAD63CEBD6}.Release|Any CPU.ActiveCfg = Release|Any CPU
		{50F0A50C-477F-4D82-AA5D-B9BAD63CEBD6}.Release|Any CPU.Build.0 = Release|Any CPU
		{50F0A50C-477F-4D82-AA5D-B9BAD63CEBD6}.Release|ARM.ActiveCfg = Release|Any CPU
		{50F0A50C-477F-4D82-AA5D-B9BAD63CEBD6}.Release|ARM.Build.0 = Release|Any CPU
		{50F0A50C-477F-4D82-AA5D-B9BAD63CEBD6}.Release|iPhone.ActiveCfg = Release|Any CPU
		{50F0A50C-477F-4D82-AA5D-B9BAD63CEBD6}.Release|iPhone.Build.0 = Release|Any CPU
		{50F0A50C-477F-4D82-AA5D-B9BAD63CEBD6}.Release|iPhoneSimulator.ActiveCfg = Release|Any CPU
		{50F0A50C-477F-4D82-AA5D-B9BAD63CEBD6}.Release|iPhoneSimulator.Build.0 = Release|Any CPU
		{50F0A50C-477F-4D82-AA5D-B9BAD63CEBD6}.Release|x64.ActiveCfg = Release|Any CPU
		{50F0A50C-477F-4D82-AA5D-B9BAD63CEBD6}.Release|x64.Build.0 = Release|Any CPU
		{50F0A50C-477F-4D82-AA5D-B9BAD63CEBD6}.Release|x86.ActiveCfg = Release|Any CPU
		{50F0A50C-477F-4D82-AA5D-B9BAD63CEBD6}.Release|x86.Build.0 = Release|Any CPU
		{D13230B6-EA26-4F90-938B-5B98A9C2B4F0}.Ad-Hoc|Any CPU.ActiveCfg = Release|x86
		{D13230B6-EA26-4F90-938B-5B98A9C2B4F0}.Ad-Hoc|Any CPU.Build.0 = Release|x86
		{D13230B6-EA26-4F90-938B-5B98A9C2B4F0}.Ad-Hoc|Any CPU.Deploy.0 = Release|x86
		{D13230B6-EA26-4F90-938B-5B98A9C2B4F0}.Ad-Hoc|ARM.ActiveCfg = Release|ARM
		{D13230B6-EA26-4F90-938B-5B98A9C2B4F0}.Ad-Hoc|ARM.Build.0 = Release|ARM
		{D13230B6-EA26-4F90-938B-5B98A9C2B4F0}.Ad-Hoc|ARM.Deploy.0 = Release|ARM
		{D13230B6-EA26-4F90-938B-5B98A9C2B4F0}.Ad-Hoc|iPhone.ActiveCfg = Release|x86
		{D13230B6-EA26-4F90-938B-5B98A9C2B4F0}.Ad-Hoc|iPhone.Build.0 = Release|x86
		{D13230B6-EA26-4F90-938B-5B98A9C2B4F0}.Ad-Hoc|iPhone.Deploy.0 = Release|x86
		{D13230B6-EA26-4F90-938B-5B98A9C2B4F0}.Ad-Hoc|iPhoneSimulator.ActiveCfg = Release|x86
		{D13230B6-EA26-4F90-938B-5B98A9C2B4F0}.Ad-Hoc|iPhoneSimulator.Build.0 = Release|x86
		{D13230B6-EA26-4F90-938B-5B98A9C2B4F0}.Ad-Hoc|iPhoneSimulator.Deploy.0 = Release|x86
		{D13230B6-EA26-4F90-938B-5B98A9C2B4F0}.Ad-Hoc|x64.ActiveCfg = Release|x64
		{D13230B6-EA26-4F90-938B-5B98A9C2B4F0}.Ad-Hoc|x64.Build.0 = Release|x64
		{D13230B6-EA26-4F90-938B-5B98A9C2B4F0}.Ad-Hoc|x64.Deploy.0 = Release|x64
		{D13230B6-EA26-4F90-938B-5B98A9C2B4F0}.Ad-Hoc|x86.ActiveCfg = Release|x86
		{D13230B6-EA26-4F90-938B-5B98A9C2B4F0}.Ad-Hoc|x86.Build.0 = Release|x86
		{D13230B6-EA26-4F90-938B-5B98A9C2B4F0}.Ad-Hoc|x86.Deploy.0 = Release|x86
		{D13230B6-EA26-4F90-938B-5B98A9C2B4F0}.AppStore|Any CPU.ActiveCfg = Release|x86
		{D13230B6-EA26-4F90-938B-5B98A9C2B4F0}.AppStore|Any CPU.Build.0 = Release|x86
		{D13230B6-EA26-4F90-938B-5B98A9C2B4F0}.AppStore|Any CPU.Deploy.0 = Release|x86
		{D13230B6-EA26-4F90-938B-5B98A9C2B4F0}.AppStore|ARM.ActiveCfg = Release|ARM
		{D13230B6-EA26-4F90-938B-5B98A9C2B4F0}.AppStore|ARM.Build.0 = Release|ARM
		{D13230B6-EA26-4F90-938B-5B98A9C2B4F0}.AppStore|ARM.Deploy.0 = Release|ARM
		{D13230B6-EA26-4F90-938B-5B98A9C2B4F0}.AppStore|iPhone.ActiveCfg = Release|x86
		{D13230B6-EA26-4F90-938B-5B98A9C2B4F0}.AppStore|iPhone.Build.0 = Release|x86
		{D13230B6-EA26-4F90-938B-5B98A9C2B4F0}.AppStore|iPhone.Deploy.0 = Release|x86
		{D13230B6-EA26-4F90-938B-5B98A9C2B4F0}.AppStore|iPhoneSimulator.ActiveCfg = Release|x86
		{D13230B6-EA26-4F90-938B-5B98A9C2B4F0}.AppStore|iPhoneSimulator.Build.0 = Release|x86
		{D13230B6-EA26-4F90-938B-5B98A9C2B4F0}.AppStore|iPhoneSimulator.Deploy.0 = Release|x86
		{D13230B6-EA26-4F90-938B-5B98A9C2B4F0}.AppStore|x64.ActiveCfg = Release|x64
		{D13230B6-EA26-4F90-938B-5B98A9C2B4F0}.AppStore|x64.Build.0 = Release|x64
		{D13230B6-EA26-4F90-938B-5B98A9C2B4F0}.AppStore|x64.Deploy.0 = Release|x64
		{D13230B6-EA26-4F90-938B-5B98A9C2B4F0}.AppStore|x86.ActiveCfg = Release|x86
		{D13230B6-EA26-4F90-938B-5B98A9C2B4F0}.AppStore|x86.Build.0 = Release|x86
		{D13230B6-EA26-4F90-938B-5B98A9C2B4F0}.AppStore|x86.Deploy.0 = Release|x86
		{D13230B6-EA26-4F90-938B-5B98A9C2B4F0}.Debug|Any CPU.ActiveCfg = Debug|x86
		{D13230B6-EA26-4F90-938B-5B98A9C2B4F0}.Debug|ARM.ActiveCfg = Debug|ARM
		{D13230B6-EA26-4F90-938B-5B98A9C2B4F0}.Debug|ARM.Build.0 = Debug|ARM
		{D13230B6-EA26-4F90-938B-5B98A9C2B4F0}.Debug|ARM.Deploy.0 = Debug|ARM
		{D13230B6-EA26-4F90-938B-5B98A9C2B4F0}.Debug|iPhone.ActiveCfg = Debug|x86
		{D13230B6-EA26-4F90-938B-5B98A9C2B4F0}.Debug|iPhoneSimulator.ActiveCfg = Debug|x86
		{D13230B6-EA26-4F90-938B-5B98A9C2B4F0}.Debug|x64.ActiveCfg = Debug|x64
		{D13230B6-EA26-4F90-938B-5B98A9C2B4F0}.Debug|x64.Build.0 = Debug|x64
		{D13230B6-EA26-4F90-938B-5B98A9C2B4F0}.Debug|x64.Deploy.0 = Debug|x64
		{D13230B6-EA26-4F90-938B-5B98A9C2B4F0}.Debug|x86.ActiveCfg = Debug|x86
		{D13230B6-EA26-4F90-938B-5B98A9C2B4F0}.Debug|x86.Build.0 = Debug|x86
		{D13230B6-EA26-4F90-938B-5B98A9C2B4F0}.Debug|x86.Deploy.0 = Debug|x86
		{D13230B6-EA26-4F90-938B-5B98A9C2B4F0}.Release|Any CPU.ActiveCfg = Release|x86
		{D13230B6-EA26-4F90-938B-5B98A9C2B4F0}.Release|ARM.ActiveCfg = Release|ARM
		{D13230B6-EA26-4F90-938B-5B98A9C2B4F0}.Release|ARM.Build.0 = Release|ARM
		{D13230B6-EA26-4F90-938B-5B98A9C2B4F0}.Release|ARM.Deploy.0 = Release|ARM
		{D13230B6-EA26-4F90-938B-5B98A9C2B4F0}.Release|iPhone.ActiveCfg = Release|x86
		{D13230B6-EA26-4F90-938B-5B98A9C2B4F0}.Release|iPhoneSimulator.ActiveCfg = Release|x86
		{D13230B6-EA26-4F90-938B-5B98A9C2B4F0}.Release|x64.ActiveCfg = Release|x64
		{D13230B6-EA26-4F90-938B-5B98A9C2B4F0}.Release|x64.Build.0 = Release|x64
		{D13230B6-EA26-4F90-938B-5B98A9C2B4F0}.Release|x64.Deploy.0 = Release|x64
		{D13230B6-EA26-4F90-938B-5B98A9C2B4F0}.Release|x86.ActiveCfg = Release|x86
		{D13230B6-EA26-4F90-938B-5B98A9C2B4F0}.Release|x86.Build.0 = Release|x86
		{D13230B6-EA26-4F90-938B-5B98A9C2B4F0}.Release|x86.Deploy.0 = Release|x86
		{B0BCC2BD-4FB0-4D65-9A87-9257258938A0}.Ad-Hoc|Any CPU.ActiveCfg = Ad-Hoc|iPhone
		{B0BCC2BD-4FB0-4D65-9A87-9257258938A0}.Ad-Hoc|ARM.ActiveCfg = Ad-Hoc|iPhone
		{B0BCC2BD-4FB0-4D65-9A87-9257258938A0}.Ad-Hoc|iPhone.ActiveCfg = Ad-Hoc|iPhone
		{B0BCC2BD-4FB0-4D65-9A87-9257258938A0}.Ad-Hoc|iPhone.Build.0 = Ad-Hoc|iPhone
		{B0BCC2BD-4FB0-4D65-9A87-9257258938A0}.Ad-Hoc|iPhoneSimulator.ActiveCfg = Ad-Hoc|iPhoneSimulator
		{B0BCC2BD-4FB0-4D65-9A87-9257258938A0}.Ad-Hoc|iPhoneSimulator.Build.0 = Ad-Hoc|iPhoneSimulator
		{B0BCC2BD-4FB0-4D65-9A87-9257258938A0}.Ad-Hoc|x64.ActiveCfg = Ad-Hoc|iPhone
		{B0BCC2BD-4FB0-4D65-9A87-9257258938A0}.Ad-Hoc|x86.ActiveCfg = Ad-Hoc|iPhone
		{B0BCC2BD-4FB0-4D65-9A87-9257258938A0}.AppStore|Any CPU.ActiveCfg = AppStore|iPhone
		{B0BCC2BD-4FB0-4D65-9A87-9257258938A0}.AppStore|ARM.ActiveCfg = AppStore|iPhone
		{B0BCC2BD-4FB0-4D65-9A87-9257258938A0}.AppStore|iPhone.ActiveCfg = AppStore|iPhone
		{B0BCC2BD-4FB0-4D65-9A87-9257258938A0}.AppStore|iPhone.Build.0 = AppStore|iPhone
		{B0BCC2BD-4FB0-4D65-9A87-9257258938A0}.AppStore|iPhoneSimulator.ActiveCfg = AppStore|iPhoneSimulator
		{B0BCC2BD-4FB0-4D65-9A87-9257258938A0}.AppStore|iPhoneSimulator.Build.0 = AppStore|iPhoneSimulator
		{B0BCC2BD-4FB0-4D65-9A87-9257258938A0}.AppStore|x64.ActiveCfg = AppStore|iPhone
		{B0BCC2BD-4FB0-4D65-9A87-9257258938A0}.AppStore|x86.ActiveCfg = AppStore|iPhone
		{B0BCC2BD-4FB0-4D65-9A87-9257258938A0}.Debug|Any CPU.ActiveCfg = Debug|iPhone
		{B0BCC2BD-4FB0-4D65-9A87-9257258938A0}.Debug|ARM.ActiveCfg = Debug|iPhone
		{B0BCC2BD-4FB0-4D65-9A87-9257258938A0}.Debug|iPhone.ActiveCfg = Debug|iPhone
		{B0BCC2BD-4FB0-4D65-9A87-9257258938A0}.Debug|iPhone.Build.0 = Debug|iPhone
		{B0BCC2BD-4FB0-4D65-9A87-9257258938A0}.Debug|iPhoneSimulator.ActiveCfg = Debug|iPhoneSimulator
		{B0BCC2BD-4FB0-4D65-9A87-9257258938A0}.Debug|iPhoneSimulator.Build.0 = Debug|iPhoneSimulator
		{B0BCC2BD-4FB0-4D65-9A87-9257258938A0}.Debug|x64.ActiveCfg = Debug|iPhone
		{B0BCC2BD-4FB0-4D65-9A87-9257258938A0}.Debug|x86.ActiveCfg = Debug|iPhone
		{B0BCC2BD-4FB0-4D65-9A87-9257258938A0}.Release|Any CPU.ActiveCfg = Release|iPhone
		{B0BCC2BD-4FB0-4D65-9A87-9257258938A0}.Release|ARM.ActiveCfg = Release|iPhone
		{B0BCC2BD-4FB0-4D65-9A87-9257258938A0}.Release|iPhone.ActiveCfg = Release|iPhone
		{B0BCC2BD-4FB0-4D65-9A87-9257258938A0}.Release|iPhone.Build.0 = Release|iPhone
		{B0BCC2BD-4FB0-4D65-9A87-9257258938A0}.Release|iPhoneSimulator.ActiveCfg = Release|iPhoneSimulator
		{B0BCC2BD-4FB0-4D65-9A87-9257258938A0}.Release|iPhoneSimulator.Build.0 = Release|iPhoneSimulator
		{B0BCC2BD-4FB0-4D65-9A87-9257258938A0}.Release|x64.ActiveCfg = Release|iPhone
		{B0BCC2BD-4FB0-4D65-9A87-9257258938A0}.Release|x86.ActiveCfg = Release|iPhone
	EndGlobalSection
	GlobalSection(SolutionProperties) = preSolution
		HideSolutionNode = FALSE
	EndGlobalSection
	GlobalSection(ExtensibilityGlobals) = postSolution
		SolutionGuid = {2C7309D7-B77C-4B9B-AF5A-D2517AE89DC4}
	EndGlobalSection
EndGlobal
