
Microsoft Visual Studio Solution File, Format Version 12.00
# Visual Studio 15
VisualStudioVersion = 15.0.26730.12
MinimumVisualStudioVersion = 10.0.40219.1
Project("{FAE04EC0-301F-11D3-BF4B-00C04F79EFBC}") = "_01_Dicas_ServicoCEP.Android", "01_Dicas_ServicoCEP\_01_Dicas_ServicoCEP.Android\_01_Dicas_ServicoCEP.Android.csproj", "{8217A111-9593-4BD6-8849-8A64A34D40BD}"
EndProject
Project("{FAE04EC0-301F-11D3-BF4B-00C04F79EFBC}") = "_01_Dicas_ServicoCEP", "01_Dicas_ServicoCEP\_01_Dicas_ServicoCEP\_01_Dicas_ServicoCEP.csproj", "{4E862465-9E90-4EA7-8736-DC564992506C}"
EndProject
Project("{FAE04EC0-301F-11D3-BF4B-00C04F79EFBC}") = "_01_Dicas_ServicoCEP.UWP", "01_Dicas_ServicoCEP\_01_Dicas_ServicoCEP.UWP\_01_Dicas_ServicoCEP.UWP.csproj", "{52FD106C-4D83-4E62-865C-B6AF66C75E40}"
EndProject
Project("{FAE04EC0-301F-11D3-BF4B-00C04F79EFBC}") = "_01_Dicas_ServicoCEP.iOS", "01_Dicas_ServicoCEP\_01_Dicas_ServicoCEP.iOS\_01_Dicas_ServicoCEP.iOS.csproj", "{4B65249A-8F75-48A9-B654-F3D70275D675}"
EndProject
Global
	GlobalSection(SolutionConfigurationPlatforms) = preSolution
		Ad-Hoc|Any CPU = Ad-Hoc|Any CPU
		Ad-Hoc|ARM = Ad-Hoc|ARM
		Ad-Hoc|iPhone = Ad-Hoc|iPhone
		Ad-Hoc|iPhoneSimulator = Ad-Hoc|iPhoneSimulator
		Ad-Hoc|x64 = Ad-Hoc|x64
		Ad-Hoc|x86 = Ad-Hoc|x86
		AppStore|Any CPU = AppStore|Any CPU
		AppStore|ARM = AppStore|ARM
		AppStore|iPhone = AppStore|iPhone
		AppStore|iPhoneSimulator = AppStore|iPhoneSimulator
		AppStore|x64 = AppStore|x64
		AppStore|x86 = AppStore|x86
		Debug|Any CPU = Debug|Any CPU
		Debug|ARM = Debug|ARM
		Debug|iPhone = Debug|iPhone
		Debug|iPhoneSimulator = Debug|iPhoneSimulator
		Debug|x64 = Debug|x64
		Debug|x86 = Debug|x86
		Release|Any CPU = Release|Any CPU
		Release|ARM = Release|ARM
		Release|iPhone = Release|iPhone
		Release|iPhoneSimulator = Release|iPhoneSimulator
		Release|x64 = Release|x64
		Release|x86 = Release|x86
	EndGlobalSection
	GlobalSection(ProjectConfigurationPlatforms) = postSolution
		{8217A111-9593-4BD6-8849-8A64A34D40BD}.Ad-Hoc|Any CPU.ActiveCfg = Release|Any CPU
		{8217A111-9593-4BD6-8849-8A64A34D40BD}.Ad-Hoc|Any CPU.Build.0 = Release|Any CPU
		{8217A111-9593-4BD6-8849-8A64A34D40BD}.Ad-Hoc|Any CPU.Deploy.0 = Release|Any CPU
		{8217A111-9593-4BD6-8849-8A64A34D40BD}.Ad-Hoc|ARM.ActiveCfg = Release|Any CPU
		{8217A111-9593-4BD6-8849-8A64A34D40BD}.Ad-Hoc|ARM.Build.0 = Release|Any CPU
		{8217A111-9593-4BD6-8849-8A64A34D40BD}.Ad-Hoc|ARM.Deploy.0 = Release|Any CPU
		{8217A111-9593-4BD6-8849-8A64A34D40BD}.Ad-Hoc|iPhone.ActiveCfg = Release|Any CPU
		{8217A111-9593-4BD6-8849-8A64A34D40BD}.Ad-Hoc|iPhone.Build.0 = Release|Any CPU
		{8217A111-9593-4BD6-8849-8A64A34D40BD}.Ad-Hoc|iPhone.Deploy.0 = Release|Any CPU
		{8217A111-9593-4BD6-8849-8A64A34D40BD}.Ad-Hoc|iPhoneSimulator.ActiveCfg = Release|Any CPU
		{8217A111-9593-4BD6-8849-8A64A34D40BD}.Ad-Hoc|iPhoneSimulator.Build.0 = Release|Any CPU
		{8217A111-9593-4BD6-8849-8A64A34D40BD}.Ad-Hoc|iPhoneSimulator.Deploy.0 = Release|Any CPU
		{8217A111-9593-4BD6-8849-8A64A34D40BD}.Ad-Hoc|x64.ActiveCfg = Release|Any CPU
		{8217A111-9593-4BD6-8849-8A64A34D40BD}.Ad-Hoc|x64.Build.0 = Release|Any CPU
		{8217A111-9593-4BD6-8849-8A64A34D40BD}.Ad-Hoc|x64.Deploy.0 = Release|Any CPU
		{8217A111-9593-4BD6-8849-8A64A34D40BD}.Ad-Hoc|x86.ActiveCfg = Release|Any CPU
		{8217A111-9593-4BD6-8849-8A64A34D40BD}.Ad-Hoc|x86.Build.0 = Release|Any CPU
		{8217A111-9593-4BD6-8849-8A64A34D40BD}.Ad-Hoc|x86.Deploy.0 = Release|Any CPU
		{8217A111-9593-4BD6-8849-8A64A34D40BD}.AppStore|Any CPU.ActiveCfg = Release|Any CPU
		{8217A111-9593-4BD6-8849-8A64A34D40BD}.AppStore|Any CPU.Build.0 = Release|Any CPU
		{8217A111-9593-4BD6-8849-8A64A34D40BD}.AppStore|Any CPU.Deploy.0 = Release|Any CPU
		{8217A111-9593-4BD6-8849-8A64A34D40BD}.AppStore|ARM.ActiveCfg = Release|Any CPU
		{8217A111-9593-4BD6-8849-8A64A34D40BD}.AppStore|ARM.Build.0 = Release|Any CPU
		{8217A111-9593-4BD6-8849-8A64A34D40BD}.AppStore|ARM.Deploy.0 = Release|Any CPU
		{8217A111-9593-4BD6-8849-8A64A34D40BD}.AppStore|iPhone.ActiveCfg = Release|Any CPU
		{8217A111-9593-4BD6-8849-8A64A34D40BD}.AppStore|iPhone.Build.0 = Release|Any CPU
		{8217A111-9593-4BD6-8849-8A64A34D40BD}.AppStore|iPhone.Deploy.0 = Release|Any CPU
		{8217A111-9593-4BD6-8849-8A64A34D40BD}.AppStore|iPhoneSimulator.ActiveCfg = Release|Any CPU
		{8217A111-9593-4BD6-8849-8A64A34D40BD}.AppStore|iPhoneSimulator.Build.0 = Release|Any CPU
		{8217A111-9593-4BD6-8849-8A64A34D40BD}.AppStore|iPhoneSimulator.Deploy.0 = Release|Any CPU
		{8217A111-9593-4BD6-8849-8A64A34D40BD}.AppStore|x64.ActiveCfg = Release|Any CPU
		{8217A111-9593-4BD6-8849-8A64A34D40BD}.AppStore|x64.Build.0 = Release|Any CPU
		{8217A111-9593-4BD6-8849-8A64A34D40BD}.AppStore|x64.Deploy.0 = Release|Any CPU
		{8217A111-9593-4BD6-8849-8A64A34D40BD}.AppStore|x86.ActiveCfg = Release|Any CPU
		{8217A111-9593-4BD6-8849-8A64A34D40BD}.AppStore|x86.Build.0 = Release|Any CPU
		{8217A111-9593-4BD6-8849-8A64A34D40BD}.AppStore|x86.Deploy.0 = Release|Any CPU
		{8217A111-9593-4BD6-8849-8A64A34D40BD}.Debug|Any CPU.ActiveCfg = Debug|Any CPU
		{8217A111-9593-4BD6-8849-8A64A34D40BD}.Debug|Any CPU.Build.0 = Debug|Any CPU
		{8217A111-9593-4BD6-8849-8A64A34D40BD}.Debug|Any CPU.Deploy.0 = Debug|Any CPU
		{8217A111-9593-4BD6-8849-8A64A34D40BD}.Debug|ARM.ActiveCfg = Debug|Any CPU
		{8217A111-9593-4BD6-8849-8A64A34D40BD}.Debug|ARM.Build.0 = Debug|Any CPU
		{8217A111-9593-4BD6-8849-8A64A34D40BD}.Debug|ARM.Deploy.0 = Debug|Any CPU
		{8217A111-9593-4BD6-8849-8A64A34D40BD}.Debug|iPhone.ActiveCfg = Debug|Any CPU
		{8217A111-9593-4BD6-8849-8A64A34D40BD}.Debug|iPhone.Build.0 = Debug|Any CPU
		{8217A111-9593-4BD6-8849-8A64A34D40BD}.Debug|iPhone.Deploy.0 = Debug|Any CPU
		{8217A111-9593-4BD6-8849-8A64A34D40BD}.Debug|iPhoneSimulator.ActiveCfg = Debug|Any CPU
		{8217A111-9593-4BD6-8849-8A64A34D40BD}.Debug|iPhoneSimulator.Build.0 = Debug|Any CPU
		{8217A111-9593-4BD6-8849-8A64A34D40BD}.Debug|iPhoneSimulator.Deploy.0 = Debug|Any CPU
		{8217A111-9593-4BD6-8849-8A64A34D40BD}.Debug|x64.ActiveCfg = Debug|Any CPU
		{8217A111-9593-4BD6-8849-8A64A34D40BD}.Debug|x64.Build.0 = Debug|Any CPU
		{8217A111-9593-4BD6-8849-8A64A34D40BD}.Debug|x64.Deploy.0 = Debug|Any CPU
		{8217A111-9593-4BD6-8849-8A64A34D40BD}.Debug|x86.ActiveCfg = Debug|Any CPU
		{8217A111-9593-4BD6-8849-8A64A34D40BD}.Debug|x86.Build.0 = Debug|Any CPU
		{8217A111-9593-4BD6-8849-8A64A34D40BD}.Debug|x86.Deploy.0 = Debug|Any CPU
		{8217A111-9593-4BD6-8849-8A64A34D40BD}.Release|Any CPU.ActiveCfg = Release|Any CPU
		{8217A111-9593-4BD6-8849-8A64A34D40BD}.Release|Any CPU.Build.0 = Release|Any CPU
		{8217A111-9593-4BD6-8849-8A64A34D40BD}.Release|Any CPU.Deploy.0 = Release|Any CPU
		{8217A111-9593-4BD6-8849-8A64A34D40BD}.Release|ARM.ActiveCfg = Release|Any CPU
		{8217A111-9593-4BD6-8849-8A64A34D40BD}.Release|ARM.Build.0 = Release|Any CPU
		{8217A111-9593-4BD6-8849-8A64A34D40BD}.Release|ARM.Deploy.0 = Release|Any CPU
		{8217A111-9593-4BD6-8849-8A64A34D40BD}.Release|iPhone.ActiveCfg = Release|Any CPU
		{8217A111-9593-4BD6-8849-8A64A34D40BD}.Release|iPhone.Build.0 = Release|Any CPU
		{8217A111-9593-4BD6-8849-8A64A34D40BD}.Release|iPhone.Deploy.0 = Release|Any CPU
		{8217A111-9593-4BD6-8849-8A64A34D40BD}.Release|iPhoneSimulator.ActiveCfg = Release|Any CPU
		{8217A111-9593-4BD6-8849-8A64A34D40BD}.Release|iPhoneSimulator.Build.0 = Release|Any CPU
		{8217A111-9593-4BD6-8849-8A64A34D40BD}.Release|iPhoneSimulator.Deploy.0 = Release|Any CPU
		{8217A111-9593-4BD6-8849-8A64A34D40BD}.Release|x64.ActiveCfg = Release|Any CPU
		{8217A111-9593-4BD6-8849-8A64A34D40BD}.Release|x64.Build.0 = Release|Any CPU
		{8217A111-9593-4BD6-8849-8A64A34D40BD}.Release|x64.Deploy.0 = Release|Any CPU
		{8217A111-9593-4BD6-8849-8A64A34D40BD}.Release|x86.ActiveCfg = Release|Any CPU
		{8217A111-9593-4BD6-8849-8A64A34D40BD}.Release|x86.Build.0 = Release|Any CPU
		{8217A111-9593-4BD6-8849-8A64A34D40BD}.Release|x86.Deploy.0 = Release|Any CPU
		{4E862465-9E90-4EA7-8736-DC564992506C}.Ad-Hoc|Any CPU.ActiveCfg = Release|Any CPU
		{4E862465-9E90-4EA7-8736-DC564992506C}.Ad-Hoc|Any CPU.Build.0 = Release|Any CPU
		{4E862465-9E90-4EA7-8736-DC564992506C}.Ad-Hoc|ARM.ActiveCfg = Release|Any CPU
		{4E862465-9E90-4EA7-8736-DC564992506C}.Ad-Hoc|ARM.Build.0 = Release|Any CPU
		{4E862465-9E90-4EA7-8736-DC564992506C}.Ad-Hoc|iPhone.ActiveCfg = Release|Any CPU
		{4E862465-9E90-4EA7-8736-DC564992506C}.Ad-Hoc|iPhone.Build.0 = Release|Any CPU
		{4E862465-9E90-4EA7-8736-DC564992506C}.Ad-Hoc|iPhoneSimulator.ActiveCfg = Release|Any CPU
		{4E862465-9E90-4EA7-8736-DC564992506C}.Ad-Hoc|iPhoneSimulator.Build.0 = Release|Any CPU
		{4E862465-9E90-4EA7-8736-DC564992506C}.Ad-Hoc|x64.ActiveCfg = Release|Any CPU
		{4E862465-9E90-4EA7-8736-DC564992506C}.Ad-Hoc|x64.Build.0 = Release|Any CPU
		{4E862465-9E90-4EA7-8736-DC564992506C}.Ad-Hoc|x86.ActiveCfg = Release|Any CPU
		{4E862465-9E90-4EA7-8736-DC564992506C}.Ad-Hoc|x86.Build.0 = Release|Any CPU
		{4E862465-9E90-4EA7-8736-DC564992506C}.AppStore|Any CPU.ActiveCfg = Release|Any CPU
		{4E862465-9E90-4EA7-8736-DC564992506C}.AppStore|Any CPU.Build.0 = Release|Any CPU
		{4E862465-9E90-4EA7-8736-DC564992506C}.AppStore|ARM.ActiveCfg = Release|Any CPU
		{4E862465-9E90-4EA7-8736-DC564992506C}.AppStore|ARM.Build.0 = Release|Any CPU
		{4E862465-9E90-4EA7-8736-DC564992506C}.AppStore|iPhone.ActiveCfg = Release|Any CPU
		{4E862465-9E90-4EA7-8736-DC564992506C}.AppStore|iPhone.Build.0 = Release|Any CPU
		{4E862465-9E90-4EA7-8736-DC564992506C}.AppStore|iPhoneSimulator.ActiveCfg = Release|Any CPU
		{4E862465-9E90-4EA7-8736-DC564992506C}.AppStore|iPhoneSimulator.Build.0 = Release|Any CPU
		{4E862465-9E90-4EA7-8736-DC564992506C}.AppStore|x64.ActiveCfg = Release|Any CPU
		{4E862465-9E90-4EA7-8736-DC564992506C}.AppStore|x64.Build.0 = Release|Any CPU
		{4E862465-9E90-4EA7-8736-DC564992506C}.AppStore|x86.ActiveCfg = Release|Any CPU
		{4E862465-9E90-4EA7-8736-DC564992506C}.AppStore|x86.Build.0 = Release|Any CPU
		{4E862465-9E90-4EA7-8736-DC564992506C}.Debug|Any CPU.ActiveCfg = Debug|Any CPU
		{4E862465-9E90-4EA7-8736-DC564992506C}.Debug|Any CPU.Build.0 = Debug|Any CPU
		{4E862465-9E90-4EA7-8736-DC564992506C}.Debug|ARM.ActiveCfg = Debug|Any CPU
		{4E862465-9E90-4EA7-8736-DC564992506C}.Debug|ARM.Build.0 = Debug|Any CPU
		{4E862465-9E90-4EA7-8736-DC564992506C}.Debug|iPhone.ActiveCfg = Debug|Any CPU
		{4E862465-9E90-4EA7-8736-DC564992506C}.Debug|iPhone.Build.0 = Debug|Any CPU
		{4E862465-9E90-4EA7-8736-DC564992506C}.Debug|iPhoneSimulator.ActiveCfg = Debug|Any CPU
		{4E862465-9E90-4EA7-8736-DC564992506C}.Debug|iPhoneSimulator.Build.0 = Debug|Any CPU
		{4E862465-9E90-4EA7-8736-DC564992506C}.Debug|x64.ActiveCfg = Debug|Any CPU
		{4E862465-9E90-4EA7-8736-DC564992506C}.Debug|x64.Build.0 = Debug|Any CPU
		{4E862465-9E90-4EA7-8736-DC564992506C}.Debug|x86.ActiveCfg = Debug|Any CPU
		{4E862465-9E90-4EA7-8736-DC564992506C}.Debug|x86.Build.0 = Debug|Any CPU
		{4E862465-9E90-4EA7-8736-DC564992506C}.Release|Any CPU.ActiveCfg = Release|Any CPU
		{4E862465-9E90-4EA7-8736-DC564992506C}.Release|Any CPU.Build.0 = Release|Any CPU
		{4E862465-9E90-4EA7-8736-DC564992506C}.Release|ARM.ActiveCfg = Release|Any CPU
		{4E862465-9E90-4EA7-8736-DC564992506C}.Release|ARM.Build.0 = Release|Any CPU
		{4E862465-9E90-4EA7-8736-DC564992506C}.Release|iPhone.ActiveCfg = Release|Any CPU
		{4E862465-9E90-4EA7-8736-DC564992506C}.Release|iPhone.Build.0 = Release|Any CPU
		{4E862465-9E90-4EA7-8736-DC564992506C}.Release|iPhoneSimulator.ActiveCfg = Release|Any CPU
		{4E862465-9E90-4EA7-8736-DC564992506C}.Release|iPhoneSimulator.Build.0 = Release|Any CPU
		{4E862465-9E90-4EA7-8736-DC564992506C}.Release|x64.ActiveCfg = Release|Any CPU
		{4E862465-9E90-4EA7-8736-DC564992506C}.Release|x64.Build.0 = Release|Any CPU
		{4E862465-9E90-4EA7-8736-DC564992506C}.Release|x86.ActiveCfg = Release|Any CPU
		{4E862465-9E90-4EA7-8736-DC564992506C}.Release|x86.Build.0 = Release|Any CPU
		{52FD106C-4D83-4E62-865C-B6AF66C75E40}.Ad-Hoc|Any CPU.ActiveCfg = Release|x86
		{52FD106C-4D83-4E62-865C-B6AF66C75E40}.Ad-Hoc|Any CPU.Build.0 = Release|x86
		{52FD106C-4D83-4E62-865C-B6AF66C75E40}.Ad-Hoc|Any CPU.Deploy.0 = Release|x86
		{52FD106C-4D83-4E62-865C-B6AF66C75E40}.Ad-Hoc|ARM.ActiveCfg = Release|ARM
		{52FD106C-4D83-4E62-865C-B6AF66C75E40}.Ad-Hoc|ARM.Build.0 = Release|ARM
		{52FD106C-4D83-4E62-865C-B6AF66C75E40}.Ad-Hoc|ARM.Deploy.0 = Release|ARM
		{52FD106C-4D83-4E62-865C-B6AF66C75E40}.Ad-Hoc|iPhone.ActiveCfg = Release|x86
		{52FD106C-4D83-4E62-865C-B6AF66C75E40}.Ad-Hoc|iPhone.Build.0 = Release|x86
		{52FD106C-4D83-4E62-865C-B6AF66C75E40}.Ad-Hoc|iPhone.Deploy.0 = Release|x86
		{52FD106C-4D83-4E62-865C-B6AF66C75E40}.Ad-Hoc|iPhoneSimulator.ActiveCfg = Release|x86
		{52FD106C-4D83-4E62-865C-B6AF66C75E40}.Ad-Hoc|iPhoneSimulator.Build.0 = Release|x86
		{52FD106C-4D83-4E62-865C-B6AF66C75E40}.Ad-Hoc|iPhoneSimulator.Deploy.0 = Release|x86
		{52FD106C-4D83-4E62-865C-B6AF66C75E40}.Ad-Hoc|x64.ActiveCfg = Release|x64
		{52FD106C-4D83-4E62-865C-B6AF66C75E40}.Ad-Hoc|x64.Build.0 = Release|x64
		{52FD106C-4D83-4E62-865C-B6AF66C75E40}.Ad-Hoc|x64.Deploy.0 = Release|x64
		{52FD106C-4D83-4E62-865C-B6AF66C75E40}.Ad-Hoc|x86.ActiveCfg = Release|x86
		{52FD106C-4D83-4E62-865C-B6AF66C75E40}.Ad-Hoc|x86.Build.0 = Release|x86
		{52FD106C-4D83-4E62-865C-B6AF66C75E40}.Ad-Hoc|x86.Deploy.0 = Release|x86
		{52FD106C-4D83-4E62-865C-B6AF66C75E40}.AppStore|Any CPU.ActiveCfg = Release|x86
		{52FD106C-4D83-4E62-865C-B6AF66C75E40}.AppStore|Any CPU.Build.0 = Release|x86
		{52FD106C-4D83-4E62-865C-B6AF66C75E40}.AppStore|Any CPU.Deploy.0 = Release|x86
		{52FD106C-4D83-4E62-865C-B6AF66C75E40}.AppStore|ARM.ActiveCfg = Release|ARM
		{52FD106C-4D83-4E62-865C-B6AF66C75E40}.AppStore|ARM.Build.0 = Release|ARM
		{52FD106C-4D83-4E62-865C-B6AF66C75E40}.AppStore|ARM.Deploy.0 = Release|ARM
		{52FD106C-4D83-4E62-865C-B6AF66C75E40}.AppStore|iPhone.ActiveCfg = Release|x86
		{52FD106C-4D83-4E62-865C-B6AF66C75E40}.AppStore|iPhone.Build.0 = Release|x86
		{52FD106C-4D83-4E62-865C-B6AF66C75E40}.AppStore|iPhone.Deploy.0 = Release|x86
		{52FD106C-4D83-4E62-865C-B6AF66C75E40}.AppStore|iPhoneSimulator.ActiveCfg = Release|x86
		{52FD106C-4D83-4E62-865C-B6AF66C75E40}.AppStore|iPhoneSimulator.Build.0 = Release|x86
		{52FD106C-4D83-4E62-865C-B6AF66C75E40}.AppStore|iPhoneSimulator.Deploy.0 = Release|x86
		{52FD106C-4D83-4E62-865C-B6AF66C75E40}.AppStore|x64.ActiveCfg = Release|x64
		{52FD106C-4D83-4E62-865C-B6AF66C75E40}.AppStore|x64.Build.0 = Release|x64
		{52FD106C-4D83-4E62-865C-B6AF66C75E40}.AppStore|x64.Deploy.0 = Release|x64
		{52FD106C-4D83-4E62-865C-B6AF66C75E40}.AppStore|x86.ActiveCfg = Release|x86
		{52FD106C-4D83-4E62-865C-B6AF66C75E40}.AppStore|x86.Build.0 = Release|x86
		{52FD106C-4D83-4E62-865C-B6AF66C75E40}.AppStore|x86.Deploy.0 = Release|x86
		{52FD106C-4D83-4E62-865C-B6AF66C75E40}.Debug|Any CPU.ActiveCfg = Debug|x86
		{52FD106C-4D83-4E62-865C-B6AF66C75E40}.Debug|ARM.ActiveCfg = Debug|ARM
		{52FD106C-4D83-4E62-865C-B6AF66C75E40}.Debug|ARM.Build.0 = Debug|ARM
		{52FD106C-4D83-4E62-865C-B6AF66C75E40}.Debug|ARM.Deploy.0 = Debug|ARM
		{52FD106C-4D83-4E62-865C-B6AF66C75E40}.Debug|iPhone.ActiveCfg = Debug|x86
		{52FD106C-4D83-4E62-865C-B6AF66C75E40}.Debug|iPhoneSimulator.ActiveCfg = Debug|x86
		{52FD106C-4D83-4E62-865C-B6AF66C75E40}.Debug|x64.ActiveCfg = Debug|x64
		{52FD106C-4D83-4E62-865C-B6AF66C75E40}.Debug|x64.Build.0 = Debug|x64
		{52FD106C-4D83-4E62-865C-B6AF66C75E40}.Debug|x64.Deploy.0 = Debug|x64
		{52FD106C-4D83-4E62-865C-B6AF66C75E40}.Debug|x86.ActiveCfg = Debug|x86
		{52FD106C-4D83-4E62-865C-B6AF66C75E40}.Debug|x86.Build.0 = Debug|x86
		{52FD106C-4D83-4E62-865C-B6AF66C75E40}.Debug|x86.Deploy.0 = Debug|x86
		{52FD106C-4D83-4E62-865C-B6AF66C75E40}.Release|Any CPU.ActiveCfg = Release|x86
		{52FD106C-4D83-4E62-865C-B6AF66C75E40}.Release|ARM.ActiveCfg = Release|ARM
		{52FD106C-4D83-4E62-865C-B6AF66C75E40}.Release|ARM.Build.0 = Release|ARM
		{52FD106C-4D83-4E62-865C-B6AF66C75E40}.Release|ARM.Deploy.0 = Release|ARM
		{52FD106C-4D83-4E62-865C-B6AF66C75E40}.Release|iPhone.ActiveCfg = Release|x86
		{52FD106C-4D83-4E62-865C-B6AF66C75E40}.Release|iPhoneSimulator.ActiveCfg = Release|x86
		{52FD106C-4D83-4E62-865C-B6AF66C75E40}.Release|x64.ActiveCfg = Release|x64
		{52FD106C-4D83-4E62-865C-B6AF66C75E40}.Release|x64.Build.0 = Release|x64
		{52FD106C-4D83-4E62-865C-B6AF66C75E40}.Release|x64.Deploy.0 = Release|x64
		{52FD106C-4D83-4E62-865C-B6AF66C75E40}.Release|x86.ActiveCfg = Release|x86
		{52FD106C-4D83-4E62-865C-B6AF66C75E40}.Release|x86.Build.0 = Release|x86
		{52FD106C-4D83-4E62-865C-B6AF66C75E40}.Release|x86.Deploy.0 = Release|x86
		{4B65249A-8F75-48A9-B654-F3D70275D675}.Ad-Hoc|Any CPU.ActiveCfg = Ad-Hoc|iPhone
		{4B65249A-8F75-48A9-B654-F3D70275D675}.Ad-Hoc|ARM.ActiveCfg = Ad-Hoc|iPhone
		{4B65249A-8F75-48A9-B654-F3D70275D675}.Ad-Hoc|iPhone.ActiveCfg = Ad-Hoc|iPhone
		{4B65249A-8F75-48A9-B654-F3D70275D675}.Ad-Hoc|iPhone.Build.0 = Ad-Hoc|iPhone
		{4B65249A-8F75-48A9-B654-F3D70275D675}.Ad-Hoc|iPhoneSimulator.ActiveCfg = Ad-Hoc|iPhoneSimulator
		{4B65249A-8F75-48A9-B654-F3D70275D675}.Ad-Hoc|iPhoneSimulator.Build.0 = Ad-Hoc|iPhoneSimulator
		{4B65249A-8F75-48A9-B654-F3D70275D675}.Ad-Hoc|x64.ActiveCfg = Ad-Hoc|iPhone
		{4B65249A-8F75-48A9-B654-F3D70275D675}.Ad-Hoc|x86.ActiveCfg = Ad-Hoc|iPhone
		{4B65249A-8F75-48A9-B654-F3D70275D675}.AppStore|Any CPU.ActiveCfg = AppStore|iPhone
		{4B65249A-8F75-48A9-B654-F3D70275D675}.AppStore|ARM.ActiveCfg = AppStore|iPhone
		{4B65249A-8F75-48A9-B654-F3D70275D675}.AppStore|iPhone.ActiveCfg = AppStore|iPhone
		{4B65249A-8F75-48A9-B654-F3D70275D675}.AppStore|iPhone.Build.0 = AppStore|iPhone
		{4B65249A-8F75-48A9-B654-F3D70275D675}.AppStore|iPhoneSimulator.ActiveCfg = AppStore|iPhoneSimulator
		{4B65249A-8F75-48A9-B654-F3D70275D675}.AppStore|iPhoneSimulator.Build.0 = AppStore|iPhoneSimulator
		{4B65249A-8F75-48A9-B654-F3D70275D675}.AppStore|x64.ActiveCfg = AppStore|iPhone
		{4B65249A-8F75-48A9-B654-F3D70275D675}.AppStore|x86.ActiveCfg = AppStore|iPhone
		{4B65249A-8F75-48A9-B654-F3D70275D675}.Debug|Any CPU.ActiveCfg = Debug|iPhone
		{4B65249A-8F75-48A9-B654-F3D70275D675}.Debug|ARM.ActiveCfg = Debug|iPhone
		{4B65249A-8F75-48A9-B654-F3D70275D675}.Debug|iPhone.ActiveCfg = Debug|iPhone
		{4B65249A-8F75-48A9-B654-F3D70275D675}.Debug|iPhone.Build.0 = Debug|iPhone
		{4B65249A-8F75-48A9-B654-F3D70275D675}.Debug|iPhoneSimulator.ActiveCfg = Debug|iPhoneSimulator
		{4B65249A-8F75-48A9-B654-F3D70275D675}.Debug|iPhoneSimulator.Build.0 = Debug|iPhoneSimulator
		{4B65249A-8F75-48A9-B654-F3D70275D675}.Debug|x64.ActiveCfg = Debug|iPhone
		{4B65249A-8F75-48A9-B654-F3D70275D675}.Debug|x86.ActiveCfg = Debug|iPhone
		{4B65249A-8F75-48A9-B654-F3D70275D675}.Release|Any CPU.ActiveCfg = Release|iPhone
		{4B65249A-8F75-48A9-B654-F3D70275D675}.Release|ARM.ActiveCfg = Release|iPhone
		{4B65249A-8F75-48A9-B654-F3D70275D675}.Release|iPhone.ActiveCfg = Release|iPhone
		{4B65249A-8F75-48A9-B654-F3D70275D675}.Release|iPhone.Build.0 = Release|iPhone
		{4B65249A-8F75-48A9-B654-F3D70275D675}.Release|iPhoneSimulator.ActiveCfg = Release|iPhoneSimulator
		{4B65249A-8F75-48A9-B654-F3D70275D675}.Release|iPhoneSimulator.Build.0 = Release|iPhoneSimulator
		{4B65249A-8F75-48A9-B654-F3D70275D675}.Release|x64.ActiveCfg = Release|iPhone
		{4B65249A-8F75-48A9-B654-F3D70275D675}.Release|x86.ActiveCfg = Release|iPhone
	EndGlobalSection
	GlobalSection(SolutionProperties) = preSolution
		HideSolutionNode = FALSE
	EndGlobalSection
	GlobalSection(ExtensibilityGlobals) = postSolution
		SolutionGuid = {FCF0F4D4-4AA5-4A02-A030-029007794F3D}
	EndGlobalSection
EndGlobal
