
Microsoft Visual Studio Solution File, Format Version 12.00
# Visual Studio 15
VisualStudioVersion = 15.0.26730.12
MinimumVisualStudioVersion = 10.0.40219.1
Project("{FAE04EC0-301F-11D3-BF4B-00C04F79EFBC}") = "Projeto07.Android", "Projeto07\Projeto07.Android\Projeto07.Android.csproj", "{55A7AC69-A7D0-483B-B61A-7FE1823185AB}"
EndProject
Project("{FAE04EC0-301F-11D3-BF4B-00C04F79EFBC}") = "Projeto07", "Projeto07\Projeto07\Projeto07.csproj", "{158E2F25-DC46-4213-A68B-B0139A9BFF7E}"
EndProject
Project("{FAE04EC0-301F-11D3-BF4B-00C04F79EFBC}") = "Projeto07.UWP", "Projeto07\Projeto07.UWP\Projeto07.UWP.csproj", "{8965EFA7-9140-41EF-A726-C3FF3429B8C7}"
EndProject
Project("{FAE04EC0-301F-11D3-BF4B-00C04F79EFBC}") = "Projeto07.iOS", "Projeto07\Projeto07.iOS\Projeto07.iOS.csproj", "{9EE6B3D4-CDDE-4966-98AF-30E59DD71888}"
EndProject
Global
	GlobalSection(SolutionConfigurationPlatforms) = preSolution
		Ad-Hoc|Any CPU = Ad-Hoc|Any CPU
		Ad-Hoc|ARM = Ad-Hoc|ARM
		Ad-Hoc|iPhone = Ad-Hoc|iPhone
		Ad-Hoc|iPhoneSimulator = Ad-Hoc|iPhoneSimulator
		Ad-Hoc|x64 = Ad-Hoc|x64
		Ad-Hoc|x86 = Ad-Hoc|x86
		AppStore|Any CPU = AppStore|Any CPU
		AppStore|ARM = AppStore|ARM
		AppStore|iPhone = AppStore|iPhone
		AppStore|iPhoneSimulator = AppStore|iPhoneSimulator
		AppStore|x64 = AppStore|x64
		AppStore|x86 = AppStore|x86
		Debug|Any CPU = Debug|Any CPU
		Debug|ARM = Debug|ARM
		Debug|iPhone = Debug|iPhone
		Debug|iPhoneSimulator = Debug|iPhoneSimulator
		Debug|x64 = Debug|x64
		Debug|x86 = Debug|x86
		Release|Any CPU = Release|Any CPU
		Release|ARM = Release|ARM
		Release|iPhone = Release|iPhone
		Release|iPhoneSimulator = Release|iPhoneSimulator
		Release|x64 = Release|x64
		Release|x86 = Release|x86
	EndGlobalSection
	GlobalSection(ProjectConfigurationPlatforms) = postSolution
		{55A7AC69-A7D0-483B-B61A-7FE1823185AB}.Ad-Hoc|Any CPU.ActiveCfg = Release|Any CPU
		{55A7AC69-A7D0-483B-B61A-7FE1823185AB}.Ad-Hoc|Any CPU.Build.0 = Release|Any CPU
		{55A7AC69-A7D0-483B-B61A-7FE1823185AB}.Ad-Hoc|Any CPU.Deploy.0 = Release|Any CPU
		{55A7AC69-A7D0-483B-B61A-7FE1823185AB}.Ad-Hoc|ARM.ActiveCfg = Release|Any CPU
		{55A7AC69-A7D0-483B-B61A-7FE1823185AB}.Ad-Hoc|ARM.Build.0 = Release|Any CPU
		{55A7AC69-A7D0-483B-B61A-7FE1823185AB}.Ad-Hoc|ARM.Deploy.0 = Release|Any CPU
		{55A7AC69-A7D0-483B-B61A-7FE1823185AB}.Ad-Hoc|iPhone.ActiveCfg = Release|Any CPU
		{55A7AC69-A7D0-483B-B61A-7FE1823185AB}.Ad-Hoc|iPhone.Build.0 = Release|Any CPU
		{55A7AC69-A7D0-483B-B61A-7FE1823185AB}.Ad-Hoc|iPhone.Deploy.0 = Release|Any CPU
		{55A7AC69-A7D0-483B-B61A-7FE1823185AB}.Ad-Hoc|iPhoneSimulator.ActiveCfg = Release|Any CPU
		{55A7AC69-A7D0-483B-B61A-7FE1823185AB}.Ad-Hoc|iPhoneSimulator.Build.0 = Release|Any CPU
		{55A7AC69-A7D0-483B-B61A-7FE1823185AB}.Ad-Hoc|iPhoneSimulator.Deploy.0 = Release|Any CPU
		{55A7AC69-A7D0-483B-B61A-7FE1823185AB}.Ad-Hoc|x64.ActiveCfg = Release|Any CPU
		{55A7AC69-A7D0-483B-B61A-7FE1823185AB}.Ad-Hoc|x64.Build.0 = Release|Any CPU
		{55A7AC69-A7D0-483B-B61A-7FE1823185AB}.Ad-Hoc|x64.Deploy.0 = Release|Any CPU
		{55A7AC69-A7D0-483B-B61A-7FE1823185AB}.Ad-Hoc|x86.ActiveCfg = Release|Any CPU
		{55A7AC69-A7D0-483B-B61A-7FE1823185AB}.Ad-Hoc|x86.Build.0 = Release|Any CPU
		{55A7AC69-A7D0-483B-B61A-7FE1823185AB}.Ad-Hoc|x86.Deploy.0 = Release|Any CPU
		{55A7AC69-A7D0-483B-B61A-7FE1823185AB}.AppStore|Any CPU.ActiveCfg = Release|Any CPU
		{55A7AC69-A7D0-483B-B61A-7FE1823185AB}.AppStore|Any CPU.Build.0 = Release|Any CPU
		{55A7AC69-A7D0-483B-B61A-7FE1823185AB}.AppStore|Any CPU.Deploy.0 = Release|Any CPU
		{55A7AC69-A7D0-483B-B61A-7FE1823185AB}.AppStore|ARM.ActiveCfg = Release|Any CPU
		{55A7AC69-A7D0-483B-B61A-7FE1823185AB}.AppStore|ARM.Build.0 = Release|Any CPU
		{55A7AC69-A7D0-483B-B61A-7FE1823185AB}.AppStore|ARM.Deploy.0 = Release|Any CPU
		{55A7AC69-A7D0-483B-B61A-7FE1823185AB}.AppStore|iPhone.ActiveCfg = Release|Any CPU
		{55A7AC69-A7D0-483B-B61A-7FE1823185AB}.AppStore|iPhone.Build.0 = Release|Any CPU
		{55A7AC69-A7D0-483B-B61A-7FE1823185AB}.AppStore|iPhone.Deploy.0 = Release|Any CPU
		{55A7AC69-A7D0-483B-B61A-7FE1823185AB}.AppStore|iPhoneSimulator.ActiveCfg = Release|Any CPU
		{55A7AC69-A7D0-483B-B61A-7FE1823185AB}.AppStore|iPhoneSimulator.Build.0 = Release|Any CPU
		{55A7AC69-A7D0-483B-B61A-7FE1823185AB}.AppStore|iPhoneSimulator.Deploy.0 = Release|Any CPU
		{55A7AC69-A7D0-483B-B61A-7FE1823185AB}.AppStore|x64.ActiveCfg = Release|Any CPU
		{55A7AC69-A7D0-483B-B61A-7FE1823185AB}.AppStore|x64.Build.0 = Release|Any CPU
		{55A7AC69-A7D0-483B-B61A-7FE1823185AB}.AppStore|x64.Deploy.0 = Release|Any CPU
		{55A7AC69-A7D0-483B-B61A-7FE1823185AB}.AppStore|x86.ActiveCfg = Release|Any CPU
		{55A7AC69-A7D0-483B-B61A-7FE1823185AB}.AppStore|x86.Build.0 = Release|Any CPU
		{55A7AC69-A7D0-483B-B61A-7FE1823185AB}.AppStore|x86.Deploy.0 = Release|Any CPU
		{55A7AC69-A7D0-483B-B61A-7FE1823185AB}.Debug|Any CPU.ActiveCfg = Debug|Any CPU
		{55A7AC69-A7D0-483B-B61A-7FE1823185AB}.Debug|Any CPU.Build.0 = Debug|Any CPU
		{55A7AC69-A7D0-483B-B61A-7FE1823185AB}.Debug|Any CPU.Deploy.0 = Debug|Any CPU
		{55A7AC69-A7D0-483B-B61A-7FE1823185AB}.Debug|ARM.ActiveCfg = Debug|Any CPU
		{55A7AC69-A7D0-483B-B61A-7FE1823185AB}.Debug|ARM.Build.0 = Debug|Any CPU
		{55A7AC69-A7D0-483B-B61A-7FE1823185AB}.Debug|ARM.Deploy.0 = Debug|Any CPU
		{55A7AC69-A7D0-483B-B61A-7FE1823185AB}.Debug|iPhone.ActiveCfg = Debug|Any CPU
		{55A7AC69-A7D0-483B-B61A-7FE1823185AB}.Debug|iPhone.Build.0 = Debug|Any CPU
		{55A7AC69-A7D0-483B-B61A-7FE1823185AB}.Debug|iPhone.Deploy.0 = Debug|Any CPU
		{55A7AC69-A7D0-483B-B61A-7FE1823185AB}.Debug|iPhoneSimulator.ActiveCfg = Debug|Any CPU
		{55A7AC69-A7D0-483B-B61A-7FE1823185AB}.Debug|iPhoneSimulator.Build.0 = Debug|Any CPU
		{55A7AC69-A7D0-483B-B61A-7FE1823185AB}.Debug|iPhoneSimulator.Deploy.0 = Debug|Any CPU
		{55A7AC69-A7D0-483B-B61A-7FE1823185AB}.Debug|x64.ActiveCfg = Debug|Any CPU
		{55A7AC69-A7D0-483B-B61A-7FE1823185AB}.Debug|x64.Build.0 = Debug|Any CPU
		{55A7AC69-A7D0-483B-B61A-7FE1823185AB}.Debug|x64.Deploy.0 = Debug|Any CPU
		{55A7AC69-A7D0-483B-B61A-7FE1823185AB}.Debug|x86.ActiveCfg = Debug|Any CPU
		{55A7AC69-A7D0-483B-B61A-7FE1823185AB}.Debug|x86.Build.0 = Debug|Any CPU
		{55A7AC69-A7D0-483B-B61A-7FE1823185AB}.Debug|x86.Deploy.0 = Debug|Any CPU
		{55A7AC69-A7D0-483B-B61A-7FE1823185AB}.Release|Any CPU.ActiveCfg = Release|Any CPU
		{55A7AC69-A7D0-483B-B61A-7FE1823185AB}.Release|Any CPU.Build.0 = Release|Any CPU
		{55A7AC69-A7D0-483B-B61A-7FE1823185AB}.Release|Any CPU.Deploy.0 = Release|Any CPU
		{55A7AC69-A7D0-483B-B61A-7FE1823185AB}.Release|ARM.ActiveCfg = Release|Any CPU
		{55A7AC69-A7D0-483B-B61A-7FE1823185AB}.Release|ARM.Build.0 = Release|Any CPU
		{55A7AC69-A7D0-483B-B61A-7FE1823185AB}.Release|ARM.Deploy.0 = Release|Any CPU
		{55A7AC69-A7D0-483B-B61A-7FE1823185AB}.Release|iPhone.ActiveCfg = Release|Any CPU
		{55A7AC69-A7D0-483B-B61A-7FE1823185AB}.Release|iPhone.Build.0 = Release|Any CPU
		{55A7AC69-A7D0-483B-B61A-7FE1823185AB}.Release|iPhone.Deploy.0 = Release|Any CPU
		{55A7AC69-A7D0-483B-B61A-7FE1823185AB}.Release|iPhoneSimulator.ActiveCfg = Release|Any CPU
		{55A7AC69-A7D0-483B-B61A-7FE1823185AB}.Release|iPhoneSimulator.Build.0 = Release|Any CPU
		{55A7AC69-A7D0-483B-B61A-7FE1823185AB}.Release|iPhoneSimulator.Deploy.0 = Release|Any CPU
		{55A7AC69-A7D0-483B-B61A-7FE1823185AB}.Release|x64.ActiveCfg = Release|Any CPU
		{55A7AC69-A7D0-483B-B61A-7FE1823185AB}.Release|x64.Build.0 = Release|Any CPU
		{55A7AC69-A7D0-483B-B61A-7FE1823185AB}.Release|x64.Deploy.0 = Release|Any CPU
		{55A7AC69-A7D0-483B-B61A-7FE1823185AB}.Release|x86.ActiveCfg = Release|Any CPU
		{55A7AC69-A7D0-483B-B61A-7FE1823185AB}.Release|x86.Build.0 = Release|Any CPU
		{55A7AC69-A7D0-483B-B61A-7FE1823185AB}.Release|x86.Deploy.0 = Release|Any CPU
		{158E2F25-DC46-4213-A68B-B0139A9BFF7E}.Ad-Hoc|Any CPU.ActiveCfg = Release|Any CPU
		{158E2F25-DC46-4213-A68B-B0139A9BFF7E}.Ad-Hoc|Any CPU.Build.0 = Release|Any CPU
		{158E2F25-DC46-4213-A68B-B0139A9BFF7E}.Ad-Hoc|ARM.ActiveCfg = Release|Any CPU
		{158E2F25-DC46-4213-A68B-B0139A9BFF7E}.Ad-Hoc|ARM.Build.0 = Release|Any CPU
		{158E2F25-DC46-4213-A68B-B0139A9BFF7E}.Ad-Hoc|iPhone.ActiveCfg = Release|Any CPU
		{158E2F25-DC46-4213-A68B-B0139A9BFF7E}.Ad-Hoc|iPhone.Build.0 = Release|Any CPU
		{158E2F25-DC46-4213-A68B-B0139A9BFF7E}.Ad-Hoc|iPhoneSimulator.ActiveCfg = Release|Any CPU
		{158E2F25-DC46-4213-A68B-B0139A9BFF7E}.Ad-Hoc|iPhoneSimulator.Build.0 = Release|Any CPU
		{158E2F25-DC46-4213-A68B-B0139A9BFF7E}.Ad-Hoc|x64.ActiveCfg = Release|Any CPU
		{158E2F25-DC46-4213-A68B-B0139A9BFF7E}.Ad-Hoc|x64.Build.0 = Release|Any CPU
		{158E2F25-DC46-4213-A68B-B0139A9BFF7E}.Ad-Hoc|x86.ActiveCfg = Release|Any CPU
		{158E2F25-DC46-4213-A68B-B0139A9BFF7E}.Ad-Hoc|x86.Build.0 = Release|Any CPU
		{158E2F25-DC46-4213-A68B-B0139A9BFF7E}.AppStore|Any CPU.ActiveCfg = Release|Any CPU
		{158E2F25-DC46-4213-A68B-B0139A9BFF7E}.AppStore|Any CPU.Build.0 = Release|Any CPU
		{158E2F25-DC46-4213-A68B-B0139A9BFF7E}.AppStore|ARM.ActiveCfg = Release|Any CPU
		{158E2F25-DC46-4213-A68B-B0139A9BFF7E}.AppStore|ARM.Build.0 = Release|Any CPU
		{158E2F25-DC46-4213-A68B-B0139A9BFF7E}.AppStore|iPhone.ActiveCfg = Release|Any CPU
		{158E2F25-DC46-4213-A68B-B0139A9BFF7E}.AppStore|iPhone.Build.0 = Release|Any CPU
		{158E2F25-DC46-4213-A68B-B0139A9BFF7E}.AppStore|iPhoneSimulator.ActiveCfg = Release|Any CPU
		{158E2F25-DC46-4213-A68B-B0139A9BFF7E}.AppStore|iPhoneSimulator.Build.0 = Release|Any CPU
		{158E2F25-DC46-4213-A68B-B0139A9BFF7E}.AppStore|x64.ActiveCfg = Release|Any CPU
		{158E2F25-DC46-4213-A68B-B0139A9BFF7E}.AppStore|x64.Build.0 = Release|Any CPU
		{158E2F25-DC46-4213-A68B-B0139A9BFF7E}.AppStore|x86.ActiveCfg = Release|Any CPU
		{158E2F25-DC46-4213-A68B-B0139A9BFF7E}.AppStore|x86.Build.0 = Release|Any CPU
		{158E2F25-DC46-4213-A68B-B0139A9BFF7E}.Debug|Any CPU.ActiveCfg = Debug|Any CPU
		{158E2F25-DC46-4213-A68B-B0139A9BFF7E}.Debug|Any CPU.Build.0 = Debug|Any CPU
		{158E2F25-DC46-4213-A68B-B0139A9BFF7E}.Debug|ARM.ActiveCfg = Debug|Any CPU
		{158E2F25-DC46-4213-A68B-B0139A9BFF7E}.Debug|ARM.Build.0 = Debug|Any CPU
		{158E2F25-DC46-4213-A68B-B0139A9BFF7E}.Debug|iPhone.ActiveCfg = Debug|Any CPU
		{158E2F25-DC46-4213-A68B-B0139A9BFF7E}.Debug|iPhone.Build.0 = Debug|Any CPU
		{158E2F25-DC46-4213-A68B-B0139A9BFF7E}.Debug|iPhoneSimulator.ActiveCfg = Debug|Any CPU
		{158E2F25-DC46-4213-A68B-B0139A9BFF7E}.Debug|iPhoneSimulator.Build.0 = Debug|Any CPU
		{158E2F25-DC46-4213-A68B-B0139A9BFF7E}.Debug|x64.ActiveCfg = Debug|Any CPU
		{158E2F25-DC46-4213-A68B-B0139A9BFF7E}.Debug|x64.Build.0 = Debug|Any CPU
		{158E2F25-DC46-4213-A68B-B0139A9BFF7E}.Debug|x86.ActiveCfg = Debug|Any CPU
		{158E2F25-DC46-4213-A68B-B0139A9BFF7E}.Debug|x86.Build.0 = Debug|Any CPU
		{158E2F25-DC46-4213-A68B-B0139A9BFF7E}.Release|Any CPU.ActiveCfg = Release|Any CPU
		{158E2F25-DC46-4213-A68B-B0139A9BFF7E}.Release|Any CPU.Build.0 = Release|Any CPU
		{158E2F25-DC46-4213-A68B-B0139A9BFF7E}.Release|ARM.ActiveCfg = Release|Any CPU
		{158E2F25-DC46-4213-A68B-B0139A9BFF7E}.Release|ARM.Build.0 = Release|Any CPU
		{158E2F25-DC46-4213-A68B-B0139A9BFF7E}.Release|iPhone.ActiveCfg = Release|Any CPU
		{158E2F25-DC46-4213-A68B-B0139A9BFF7E}.Release|iPhone.Build.0 = Release|Any CPU
		{158E2F25-DC46-4213-A68B-B0139A9BFF7E}.Release|iPhoneSimulator.ActiveCfg = Release|Any CPU
		{158E2F25-DC46-4213-A68B-B0139A9BFF7E}.Release|iPhoneSimulator.Build.0 = Release|Any CPU
		{158E2F25-DC46-4213-A68B-B0139A9BFF7E}.Release|x64.ActiveCfg = Release|Any CPU
		{158E2F25-DC46-4213-A68B-B0139A9BFF7E}.Release|x64.Build.0 = Release|Any CPU
		{158E2F25-DC46-4213-A68B-B0139A9BFF7E}.Release|x86.ActiveCfg = Release|Any CPU
		{158E2F25-DC46-4213-A68B-B0139A9BFF7E}.Release|x86.Build.0 = Release|Any CPU
		{8965EFA7-9140-41EF-A726-C3FF3429B8C7}.Ad-Hoc|Any CPU.ActiveCfg = Release|x86
		{8965EFA7-9140-41EF-A726-C3FF3429B8C7}.Ad-Hoc|Any CPU.Build.0 = Release|x86
		{8965EFA7-9140-41EF-A726-C3FF3429B8C7}.Ad-Hoc|Any CPU.Deploy.0 = Release|x86
		{8965EFA7-9140-41EF-A726-C3FF3429B8C7}.Ad-Hoc|ARM.ActiveCfg = Release|ARM
		{8965EFA7-9140-41EF-A726-C3FF3429B8C7}.Ad-Hoc|ARM.Build.0 = Release|ARM
		{8965EFA7-9140-41EF-A726-C3FF3429B8C7}.Ad-Hoc|ARM.Deploy.0 = Release|ARM
		{8965EFA7-9140-41EF-A726-C3FF3429B8C7}.Ad-Hoc|iPhone.ActiveCfg = Release|x86
		{8965EFA7-9140-41EF-A726-C3FF3429B8C7}.Ad-Hoc|iPhone.Build.0 = Release|x86
		{8965EFA7-9140-41EF-A726-C3FF3429B8C7}.Ad-Hoc|iPhone.Deploy.0 = Release|x86
		{8965EFA7-9140-41EF-A726-C3FF3429B8C7}.Ad-Hoc|iPhoneSimulator.ActiveCfg = Release|x86
		{8965EFA7-9140-41EF-A726-C3FF3429B8C7}.Ad-Hoc|iPhoneSimulator.Build.0 = Release|x86
		{8965EFA7-9140-41EF-A726-C3FF3429B8C7}.Ad-Hoc|iPhoneSimulator.Deploy.0 = Release|x86
		{8965EFA7-9140-41EF-A726-C3FF3429B8C7}.Ad-Hoc|x64.ActiveCfg = Release|x64
		{8965EFA7-9140-41EF-A726-C3FF3429B8C7}.Ad-Hoc|x64.Build.0 = Release|x64
		{8965EFA7-9140-41EF-A726-C3FF3429B8C7}.Ad-Hoc|x64.Deploy.0 = Release|x64
		{8965EFA7-9140-41EF-A726-C3FF3429B8C7}.Ad-Hoc|x86.ActiveCfg = Release|x86
		{8965EFA7-9140-41EF-A726-C3FF3429B8C7}.Ad-Hoc|x86.Build.0 = Release|x86
		{8965EFA7-9140-41EF-A726-C3FF3429B8C7}.Ad-Hoc|x86.Deploy.0 = Release|x86
		{8965EFA7-9140-41EF-A726-C3FF3429B8C7}.AppStore|Any CPU.ActiveCfg = Release|x86
		{8965EFA7-9140-41EF-A726-C3FF3429B8C7}.AppStore|Any CPU.Build.0 = Release|x86
		{8965EFA7-9140-41EF-A726-C3FF3429B8C7}.AppStore|Any CPU.Deploy.0 = Release|x86
		{8965EFA7-9140-41EF-A726-C3FF3429B8C7}.AppStore|ARM.ActiveCfg = Release|ARM
		{8965EFA7-9140-41EF-A726-C3FF3429B8C7}.AppStore|ARM.Build.0 = Release|ARM
		{8965EFA7-9140-41EF-A726-C3FF3429B8C7}.AppStore|ARM.Deploy.0 = Release|ARM
		{8965EFA7-9140-41EF-A726-C3FF3429B8C7}.AppStore|iPhone.ActiveCfg = Release|x86
		{8965EFA7-9140-41EF-A726-C3FF3429B8C7}.AppStore|iPhone.Build.0 = Release|x86
		{8965EFA7-9140-41EF-A726-C3FF3429B8C7}.AppStore|iPhone.Deploy.0 = Release|x86
		{8965EFA7-9140-41EF-A726-C3FF3429B8C7}.AppStore|iPhoneSimulator.ActiveCfg = Release|x86
		{8965EFA7-9140-41EF-A726-C3FF3429B8C7}.AppStore|iPhoneSimulator.Build.0 = Release|x86
		{8965EFA7-9140-41EF-A726-C3FF3429B8C7}.AppStore|iPhoneSimulator.Deploy.0 = Release|x86
		{8965EFA7-9140-41EF-A726-C3FF3429B8C7}.AppStore|x64.ActiveCfg = Release|x64
		{8965EFA7-9140-41EF-A726-C3FF3429B8C7}.AppStore|x64.Build.0 = Release|x64
		{8965EFA7-9140-41EF-A726-C3FF3429B8C7}.AppStore|x64.Deploy.0 = Release|x64
		{8965EFA7-9140-41EF-A726-C3FF3429B8C7}.AppStore|x86.ActiveCfg = Release|x86
		{8965EFA7-9140-41EF-A726-C3FF3429B8C7}.AppStore|x86.Build.0 = Release|x86
		{8965EFA7-9140-41EF-A726-C3FF3429B8C7}.AppStore|x86.Deploy.0 = Release|x86
		{8965EFA7-9140-41EF-A726-C3FF3429B8C7}.Debug|Any CPU.ActiveCfg = Debug|x86
		{8965EFA7-9140-41EF-A726-C3FF3429B8C7}.Debug|ARM.ActiveCfg = Debug|ARM
		{8965EFA7-9140-41EF-A726-C3FF3429B8C7}.Debug|ARM.Build.0 = Debug|ARM
		{8965EFA7-9140-41EF-A726-C3FF3429B8C7}.Debug|ARM.Deploy.0 = Debug|ARM
		{8965EFA7-9140-41EF-A726-C3FF3429B8C7}.Debug|iPhone.ActiveCfg = Debug|x86
		{8965EFA7-9140-41EF-A726-C3FF3429B8C7}.Debug|iPhoneSimulator.ActiveCfg = Debug|x86
		{8965EFA7-9140-41EF-A726-C3FF3429B8C7}.Debug|x64.ActiveCfg = Debug|x64
		{8965EFA7-9140-41EF-A726-C3FF3429B8C7}.Debug|x64.Build.0 = Debug|x64
		{8965EFA7-9140-41EF-A726-C3FF3429B8C7}.Debug|x64.Deploy.0 = Debug|x64
		{8965EFA7-9140-41EF-A726-C3FF3429B8C7}.Debug|x86.ActiveCfg = Debug|x86
		{8965EFA7-9140-41EF-A726-C3FF3429B8C7}.Debug|x86.Build.0 = Debug|x86
		{8965EFA7-9140-41EF-A726-C3FF3429B8C7}.Debug|x86.Deploy.0 = Debug|x86
		{8965EFA7-9140-41EF-A726-C3FF3429B8C7}.Release|Any CPU.ActiveCfg = Release|x86
		{8965EFA7-9140-41EF-A726-C3FF3429B8C7}.Release|ARM.ActiveCfg = Release|ARM
		{8965EFA7-9140-41EF-A726-C3FF3429B8C7}.Release|ARM.Build.0 = Release|ARM
		{8965EFA7-9140-41EF-A726-C3FF3429B8C7}.Release|ARM.Deploy.0 = Release|ARM
		{8965EFA7-9140-41EF-A726-C3FF3429B8C7}.Release|iPhone.ActiveCfg = Release|x86
		{8965EFA7-9140-41EF-A726-C3FF3429B8C7}.Release|iPhoneSimulator.ActiveCfg = Release|x86
		{8965EFA7-9140-41EF-A726-C3FF3429B8C7}.Release|x64.ActiveCfg = Release|x64
		{8965EFA7-9140-41EF-A726-C3FF3429B8C7}.Release|x64.Build.0 = Release|x64
		{8965EFA7-9140-41EF-A726-C3FF3429B8C7}.Release|x64.Deploy.0 = Release|x64
		{8965EFA7-9140-41EF-A726-C3FF3429B8C7}.Release|x86.ActiveCfg = Release|x86
		{8965EFA7-9140-41EF-A726-C3FF3429B8C7}.Release|x86.Build.0 = Release|x86
		{8965EFA7-9140-41EF-A726-C3FF3429B8C7}.Release|x86.Deploy.0 = Release|x86
		{9EE6B3D4-CDDE-4966-98AF-30E59DD71888}.Ad-Hoc|Any CPU.ActiveCfg = Ad-Hoc|iPhone
		{9EE6B3D4-CDDE-4966-98AF-30E59DD71888}.Ad-Hoc|ARM.ActiveCfg = Ad-Hoc|iPhone
		{9EE6B3D4-CDDE-4966-98AF-30E59DD71888}.Ad-Hoc|iPhone.ActiveCfg = Ad-Hoc|iPhone
		{9EE6B3D4-CDDE-4966-98AF-30E59DD71888}.Ad-Hoc|iPhone.Build.0 = Ad-Hoc|iPhone
		{9EE6B3D4-CDDE-4966-98AF-30E59DD71888}.Ad-Hoc|iPhoneSimulator.ActiveCfg = Ad-Hoc|iPhoneSimulator
		{9EE6B3D4-CDDE-4966-98AF-30E59DD71888}.Ad-Hoc|iPhoneSimulator.Build.0 = Ad-Hoc|iPhoneSimulator
		{9EE6B3D4-CDDE-4966-98AF-30E59DD71888}.Ad-Hoc|x64.ActiveCfg = Ad-Hoc|iPhone
		{9EE6B3D4-CDDE-4966-98AF-30E59DD71888}.Ad-Hoc|x86.ActiveCfg = Ad-Hoc|iPhone
		{9EE6B3D4-CDDE-4966-98AF-30E59DD71888}.AppStore|Any CPU.ActiveCfg = AppStore|iPhone
		{9EE6B3D4-CDDE-4966-98AF-30E59DD71888}.AppStore|ARM.ActiveCfg = AppStore|iPhone
		{9EE6B3D4-CDDE-4966-98AF-30E59DD71888}.AppStore|iPhone.ActiveCfg = AppStore|iPhone
		{9EE6B3D4-CDDE-4966-98AF-30E59DD71888}.AppStore|iPhone.Build.0 = AppStore|iPhone
		{9EE6B3D4-CDDE-4966-98AF-30E59DD71888}.AppStore|iPhoneSimulator.ActiveCfg = AppStore|iPhoneSimulator
		{9EE6B3D4-CDDE-4966-98AF-30E59DD71888}.AppStore|iPhoneSimulator.Build.0 = AppStore|iPhoneSimulator
		{9EE6B3D4-CDDE-4966-98AF-30E59DD71888}.AppStore|x64.ActiveCfg = AppStore|iPhone
		{9EE6B3D4-CDDE-4966-98AF-30E59DD71888}.AppStore|x86.ActiveCfg = AppStore|iPhone
		{9EE6B3D4-CDDE-4966-98AF-30E59DD71888}.Debug|Any CPU.ActiveCfg = Debug|iPhone
		{9EE6B3D4-CDDE-4966-98AF-30E59DD71888}.Debug|ARM.ActiveCfg = Debug|iPhone
		{9EE6B3D4-CDDE-4966-98AF-30E59DD71888}.Debug|iPhone.ActiveCfg = Debug|iPhone
		{9EE6B3D4-CDDE-4966-98AF-30E59DD71888}.Debug|iPhone.Build.0 = Debug|iPhone
		{9EE6B3D4-CDDE-4966-98AF-30E59DD71888}.Debug|iPhoneSimulator.ActiveCfg = Debug|iPhoneSimulator
		{9EE6B3D4-CDDE-4966-98AF-30E59DD71888}.Debug|iPhoneSimulator.Build.0 = Debug|iPhoneSimulator
		{9EE6B3D4-CDDE-4966-98AF-30E59DD71888}.Debug|x64.ActiveCfg = Debug|iPhone
		{9EE6B3D4-CDDE-4966-98AF-30E59DD71888}.Debug|x86.ActiveCfg = Debug|iPhone
		{9EE6B3D4-CDDE-4966-98AF-30E59DD71888}.Release|Any CPU.ActiveCfg = Release|iPhone
		{9EE6B3D4-CDDE-4966-98AF-30E59DD71888}.Release|ARM.ActiveCfg = Release|iPhone
		{9EE6B3D4-CDDE-4966-98AF-30E59DD71888}.Release|iPhone.ActiveCfg = Release|iPhone
		{9EE6B3D4-CDDE-4966-98AF-30E59DD71888}.Release|iPhone.Build.0 = Release|iPhone
		{9EE6B3D4-CDDE-4966-98AF-30E59DD71888}.Release|iPhoneSimulator.ActiveCfg = Release|iPhoneSimulator
		{9EE6B3D4-CDDE-4966-98AF-30E59DD71888}.Release|iPhoneSimulator.Build.0 = Release|iPhoneSimulator
		{9EE6B3D4-CDDE-4966-98AF-30E59DD71888}.Release|x64.ActiveCfg = Release|iPhone
		{9EE6B3D4-CDDE-4966-98AF-30E59DD71888}.Release|x86.ActiveCfg = Release|iPhone
	EndGlobalSection
	GlobalSection(SolutionProperties) = preSolution
		HideSolutionNode = FALSE
	EndGlobalSection
	GlobalSection(ExtensibilityGlobals) = postSolution
		SolutionGuid = {8508631F-DF1E-418B-9040-E3BEFFE233D7}
	EndGlobalSection
EndGlobal
